
Microsoft Visual Studio Solution File, Format Version 12.00
# Visual Studio 15
VisualStudioVersion = 15.0.27703.2035
MinimumVisualStudioVersion = 10.0.40219.1
Project("{8BC9CEB8-8B4A-11D0-8D11-00A0C91BC942}") = "parallax", "parallax\parallax.vcxproj", "{121273BA-5709-42B6-91A1-40A9F1EADF61}"
EndProject
Project("{8BC9CEB8-8B4A-11D0-8D11-00A0C91BC942}") = "hypermath", "hypermath\hypermath.vcxproj", "{3CF3A1B2-A53B-4B5A-B8BD-2C8877C9AC7D}"
EndProject
Project("{8BC9CEB8-8B4A-11D0-8D11-00A0C91BC942}") = "test", "Test\Test.vcxproj", "{0C1374A1-F4D9-43E7-ACD4-88879DB2F429}"
EndProject
Project("{8BC9CEB8-8B4A-11D0-8D11-00A0C91BC942}") = "Sandbox", "Sandbox\Sandbox.vcxproj", "{A52B493F-0787-4C59-BA1C-0288EF08E1A8}"
EndProject
Global
	GlobalSection(SolutionConfigurationPlatforms) = preSolution
		Debug|Any CPU = Debug|Any CPU
		Debug|x64 = Debug|x64
		Debug|x86 = Debug|x86
		Release|Any CPU = Release|Any CPU
		Release|x64 = Release|x64
		Release|x86 = Release|x86
	EndGlobalSection
	GlobalSection(ProjectConfigurationPlatforms) = postSolution
		{121273BA-5709-42B6-91A1-40A9F1EADF61}.Debug|Any CPU.ActiveCfg = Debug|Win32
		{121273BA-5709-42B6-91A1-40A9F1EADF61}.Debug|x64.ActiveCfg = Debug|x64
		{121273BA-5709-42B6-91A1-40A9F1EADF61}.Debug|x64.Build.0 = Debug|x64
		{121273BA-5709-42B6-91A1-40A9F1EADF61}.Debug|x86.ActiveCfg = Debug|Win32
		{121273BA-5709-42B6-91A1-40A9F1EADF61}.Debug|x86.Build.0 = Debug|Win32
		{121273BA-5709-42B6-91A1-40A9F1EADF61}.Release|Any CPU.ActiveCfg = Release|Win32
		{121273BA-5709-42B6-91A1-40A9F1EADF61}.Release|x64.ActiveCfg = Release|x64
		{121273BA-5709-42B6-91A1-40A9F1EADF61}.Release|x64.Build.0 = Release|x64
		{121273BA-5709-42B6-91A1-40A9F1EADF61}.Release|x86.ActiveCfg = Release|Win32
		{121273BA-5709-42B6-91A1-40A9F1EADF61}.Release|x86.Build.0 = Release|Win32
		{3CF3A1B2-A53B-4B5A-B8BD-2C8877C9AC7D}.Debug|Any CPU.ActiveCfg = Debug|Win32
		{3CF3A1B2-A53B-4B5A-B8BD-2C8877C9AC7D}.Debug|x64.ActiveCfg = Debug|x64
		{3CF3A1B2-A53B-4B5A-B8BD-2C8877C9AC7D}.Debug|x64.Build.0 = Debug|x64
		{3CF3A1B2-A53B-4B5A-B8BD-2C8877C9AC7D}.Debug|x86.ActiveCfg = Debug|Win32
		{3CF3A1B2-A53B-4B5A-B8BD-2C8877C9AC7D}.Debug|x86.Build.0 = Debug|Win32
		{3CF3A1B2-A53B-4B5A-B8BD-2C8877C9AC7D}.Release|Any CPU.ActiveCfg = Release|Win32
		{3CF3A1B2-A53B-4B5A-B8BD-2C8877C9AC7D}.Release|x64.ActiveCfg = Release|x64
		{3CF3A1B2-A53B-4B5A-B8BD-2C8877C9AC7D}.Release|x64.Build.0 = Release|x64
		{3CF3A1B2-A53B-4B5A-B8BD-2C8877C9AC7D}.Release|x86.ActiveCfg = Release|Win32
		{3CF3A1B2-A53B-4B5A-B8BD-2C8877C9AC7D}.Release|x86.Build.0 = Release|Win32
		{0C1374A1-F4D9-43E7-ACD4-88879DB2F429}.Debug|Any CPU.ActiveCfg = Debug|Win32
		{0C1374A1-F4D9-43E7-ACD4-88879DB2F429}.Debug|x64.ActiveCfg = Debug|x64
		{0C1374A1-F4D9-43E7-ACD4-88879DB2F429}.Debug|x64.Build.0 = Debug|x64
		{0C1374A1-F4D9-43E7-ACD4-88879DB2F429}.Debug|x86.ActiveCfg = Debug|Win32
		{0C1374A1-F4D9-43E7-ACD4-88879DB2F429}.Debug|x86.Build.0 = Debug|Win32
		{0C1374A1-F4D9-43E7-ACD4-88879DB2F429}.Release|Any CPU.ActiveCfg = Release|Win32
		{0C1374A1-F4D9-43E7-ACD4-88879DB2F429}.Release|x64.ActiveCfg = Release|x64
		{0C1374A1-F4D9-43E7-ACD4-88879DB2F429}.Release|x64.Build.0 = Release|x64
		{0C1374A1-F4D9-43E7-ACD4-88879DB2F429}.Release|x86.ActiveCfg = Release|Win32
		{0C1374A1-F4D9-43E7-ACD4-88879DB2F429}.Release|x86.Build.0 = Release|Win32
		{A52B493F-0787-4C59-BA1C-0288EF08E1A8}.Debug|Any CPU.ActiveCfg = Debug|Win32
		{A52B493F-0787-4C59-BA1C-0288EF08E1A8}.Debug|x64.ActiveCfg = Debug|x64
		{A52B493F-0787-4C59-BA1C-0288EF08E1A8}.Debug|x64.Build.0 = Debug|x64
		{A52B493F-0787-4C59-BA1C-0288EF08E1A8}.Debug|x86.ActiveCfg = Debug|Win32
		{A52B493F-0787-4C59-BA1C-0288EF08E1A8}.Debug|x86.Build.0 = Debug|Win32
		{A52B493F-0787-4C59-BA1C-0288EF08E1A8}.Release|Any CPU.ActiveCfg = Release|Win32
		{A52B493F-0787-4C59-BA1C-0288EF08E1A8}.Release|x64.ActiveCfg = Release|x64
		{A52B493F-0787-4C59-BA1C-0288EF08E1A8}.Release|x64.Build.0 = Release|x64
		{A52B493F-0787-4C59-BA1C-0288EF08E1A8}.Release|x86.ActiveCfg = Release|Win32
		{A52B493F-0787-4C59-BA1C-0288EF08E1A8}.Release|x86.Build.0 = Release|Win32
	EndGlobalSection
	GlobalSection(SolutionProperties) = preSolution
		HideSolutionNode = FALSE
	EndGlobalSection
	GlobalSection(ExtensibilityGlobals) = postSolution
		SolutionGuid = {F2EE573B-4B43-457D-B7B0-6D464A6842FF}
	EndGlobalSection
EndGlobal
