<?xml version="1.0" encoding="utf-8"?>
<Project ToolsVersion="4.0" xmlns="http://schemas.microsoft.com/developer/msbuild/2003">
  <ItemGroup>
    <Filter Include="Source Files">
      <UniqueIdentifier>{4FC737F1-C7A5-4376-A066-2A32D752A2FF}</UniqueIdentifier>
      <Extensions>cpp;c;cc;cxx;def;odl;idl;hpj;bat;asm;asmx</Extensions>
    </Filter>
    <Filter Include="Header Files">
      <UniqueIdentifier>{93995380-89BD-4b04-88EB-625FBE52EBFB}</UniqueIdentifier>
      <Extensions>h;hh;hpp;hxx;hm;inl;inc;ipp;xsd</Extensions>
    </Filter>
    <Filter Include="Resource Files">
      <UniqueIdentifier>{67DA6AB6-F800-4c08-8B7A-83BB121AAD01}</UniqueIdentifier>
      <Extensions>rc;ico;cur;bmp;dlg;rc2;rct;bin;rgs;gif;jpg;jpeg;jpe;resx;tiff;tif;png;wav;mfcribbon-ms</Extensions>
    </Filter>
    <Filter Include="Source Files\dependencies">
      <UniqueIdentifier>{c06034f6-0d57-42a2-bf7a-cb2d328ea863}</UniqueIdentifier>
    </Filter>
    <Filter Include="Source Files\dependencies\freetype">
      <UniqueIdentifier>{4084f2df-acb2-45ce-a3e5-b82f4b67b434}</UniqueIdentifier>
    </Filter>
    <Filter Include="Header Files\dependencies">
      <UniqueIdentifier>{a03bc163-be89-4df4-b128-96b6e2ba14a2}</UniqueIdentifier>
    </Filter>
    <Filter Include="Header Files\dependencies\freetype">
      <UniqueIdentifier>{15617de7-ff75-47ec-b6f4-f2b555f74cb6}</UniqueIdentifier>
    </Filter>
    <Filter Include="Source Files\dependencies\freetype\FT_MODULES">
      <UniqueIdentifier>{bc76843f-c660-41ce-a8ed-1d57524fd04d}</UniqueIdentifier>
    </Filter>
    <Filter Include="Header Files\dependencies\gorilla-audio">
      <UniqueIdentifier>{0b2bafbd-2883-4926-8451-013e012725e5}</UniqueIdentifier>
    </Filter>
    <Filter Include="Source Files\dependencies\gorilla-audio">
      <UniqueIdentifier>{9a487728-6859-47b0-9517-69f595185147}</UniqueIdentifier>
    </Filter>
    <Filter Include="Header Files\dependencies\gorilla-audio\ext">
      <UniqueIdentifier>{53a99ffd-9d92-4ee7-90af-9dbe2876b603}</UniqueIdentifier>
    </Filter>
    <Filter Include="Source Files\dependencies\gorilla-audio\ext">
      <UniqueIdentifier>{90ff9483-2a67-49aa-9889-a7fe15519d9b}</UniqueIdentifier>
    </Filter>
  </ItemGroup>
  <ItemGroup>
    <ClCompile Include="src\utils\log\Log.cpp">
      <Filter>Source Files</Filter>
    </ClCompile>
    <ClCompile Include="src\resources\FileReader.cpp">
      <Filter>Source Files</Filter>
    </ClCompile>
    <ClCompile Include="src\shading\Shader.cpp">
      <Filter>Source Files</Filter>
    </ClCompile>
    <ClCompile Include="src\renderer\SimpleRenderer2D.cpp">
      <Filter>Source Files</Filter>
    </ClCompile>
    <ClCompile Include="src\renderer\buffer\VertexArray.cpp">
      <Filter>Source Files</Filter>
    </ClCompile>
    <ClCompile Include="src\renderer\buffer\VertexBuffer.cpp">
      <Filter>Source Files</Filter>
    </ClCompile>
    <ClCompile Include="src\renderer\buffer\IndexBuffer.cpp">
      <Filter>Source Files</Filter>
    </ClCompile>
    <ClCompile Include="src\renderer\renderable\Renderable2D.cpp">
      <Filter>Source Files</Filter>
    </ClCompile>
    <ClCompile Include="src\renderer\BatchRenderer2D.cpp">
      <Filter>Source Files</Filter>
    </ClCompile>
    <ClCompile Include="src\renderer\renderable\Sprite.cpp">
      <Filter>Source Files</Filter>
    </ClCompile>
    <ClCompile Include="src\renderer\layers\Layer.cpp">
      <Filter>Source Files</Filter>
    </ClCompile>
    <ClCompile Include="src\renderer\layers\SceneLayer.cpp">
      <Filter>Source Files</Filter>
    </ClCompile>
    <ClCompile Include="src\renderer\Renderer2D.cpp">
      <Filter>Source Files</Filter>
    </ClCompile>
    <ClCompile Include="src\renderer\renderable\Group.cpp">
      <Filter>Source Files</Filter>
    </ClCompile>
    <ClCompile Include="src\shading\Texture.cpp">
      <Filter>Source Files</Filter>
    </ClCompile>
    <ClCompile Include="dependencies\freetype\src\autofit\autofit.c">
      <Filter>Source Files\dependencies\freetype</Filter>
    </ClCompile>
    <ClCompile Include="dependencies\freetype\src\bdf\bdf.c">
      <Filter>Source Files\dependencies\freetype</Filter>
    </ClCompile>
    <ClCompile Include="dependencies\freetype\src\cff\cff.c">
      <Filter>Source Files\dependencies\freetype</Filter>
    </ClCompile>
    <ClCompile Include="dependencies\freetype\src\base\ftbase.c">
      <Filter>Source Files\dependencies\freetype</Filter>
    </ClCompile>
    <ClCompile Include="dependencies\freetype\src\base\ftbitmap.c">
      <Filter>Source Files\dependencies\freetype</Filter>
    </ClCompile>
    <ClCompile Include="dependencies\freetype\src\cache\ftcache.c">
      <Filter>Source Files\dependencies\freetype</Filter>
    </ClCompile>
    <ClCompile Include="dependencies\freetype\src\base\ftdebug.c">
      <Filter>Source Files\dependencies\freetype</Filter>
    </ClCompile>
    <ClCompile Include="dependencies\freetype\src\base\ftfstype.c">
      <Filter>Source Files\dependencies\freetype</Filter>
    </ClCompile>
    <ClCompile Include="dependencies\freetype\src\base\ftgasp.c">
      <Filter>Source Files\dependencies\freetype</Filter>
    </ClCompile>
    <ClCompile Include="dependencies\freetype\src\base\ftglyph.c">
      <Filter>Source Files\dependencies\freetype</Filter>
    </ClCompile>
    <ClCompile Include="dependencies\freetype\src\gzip\ftgzip.c">
      <Filter>Source Files\dependencies\freetype</Filter>
    </ClCompile>
    <ClCompile Include="dependencies\freetype\src\base\ftinit.c">
      <Filter>Source Files\dependencies\freetype</Filter>
    </ClCompile>
    <ClCompile Include="dependencies\freetype\src\lzw\ftlzw.c">
      <Filter>Source Files\dependencies\freetype</Filter>
    </ClCompile>
    <ClCompile Include="dependencies\freetype\src\base\ftstroke.c">
      <Filter>Source Files\dependencies\freetype</Filter>
    </ClCompile>
    <ClCompile Include="dependencies\freetype\src\base\ftsystem.c">
      <Filter>Source Files\dependencies\freetype</Filter>
    </ClCompile>
    <ClCompile Include="dependencies\freetype\src\smooth\smooth.c">
      <Filter>Source Files\dependencies\freetype</Filter>
    </ClCompile>
    <ClCompile Include="dependencies\freetype\src\base\ftbbox.c">
      <Filter>Source Files\dependencies\freetype\FT_MODULES</Filter>
    </ClCompile>
    <ClCompile Include="dependencies\freetype\src\base\ftgxval.c">
      <Filter>Source Files\dependencies\freetype\FT_MODULES</Filter>
    </ClCompile>
    <ClCompile Include="dependencies\freetype\src\base\ftlcdfil.c">
      <Filter>Source Files\dependencies\freetype\FT_MODULES</Filter>
    </ClCompile>
    <ClCompile Include="dependencies\freetype\src\base\ftmm.c">
      <Filter>Source Files\dependencies\freetype\FT_MODULES</Filter>
    </ClCompile>
    <ClCompile Include="dependencies\freetype\src\base\ftotval.c">
      <Filter>Source Files\dependencies\freetype\FT_MODULES</Filter>
    </ClCompile>
    <ClCompile Include="dependencies\freetype\src\base\ftpatent.c">
      <Filter>Source Files\dependencies\freetype\FT_MODULES</Filter>
    </ClCompile>
    <ClCompile Include="dependencies\freetype\src\base\ftpfr.c">
      <Filter>Source Files\dependencies\freetype\FT_MODULES</Filter>
    </ClCompile>
    <ClCompile Include="dependencies\freetype\src\base\ftsynth.c">
      <Filter>Source Files\dependencies\freetype\FT_MODULES</Filter>
    </ClCompile>
    <ClCompile Include="dependencies\freetype\src\base\fttype1.c">
      <Filter>Source Files\dependencies\freetype\FT_MODULES</Filter>
    </ClCompile>
    <ClCompile Include="dependencies\freetype\src\base\ftwinfnt.c">
      <Filter>Source Files\dependencies\freetype\FT_MODULES</Filter>
    </ClCompile>
    <ClCompile Include="dependencies\freetype\src\pcf\pcf.c">
      <Filter>Source Files\dependencies\freetype\FT_MODULES</Filter>
    </ClCompile>
    <ClCompile Include="dependencies\freetype\src\pfr\pfr.c">
      <Filter>Source Files\dependencies\freetype\FT_MODULES</Filter>
    </ClCompile>
    <ClCompile Include="dependencies\freetype\src\psaux\psaux.c">
      <Filter>Source Files\dependencies\freetype\FT_MODULES</Filter>
    </ClCompile>
    <ClCompile Include="dependencies\freetype\src\pshinter\pshinter.c">
      <Filter>Source Files\dependencies\freetype\FT_MODULES</Filter>
    </ClCompile>
    <ClCompile Include="dependencies\freetype\src\psnames\psmodule.c">
      <Filter>Source Files\dependencies\freetype\FT_MODULES</Filter>
    </ClCompile>
    <ClCompile Include="dependencies\freetype\src\raster\raster.c">
      <Filter>Source Files\dependencies\freetype\FT_MODULES</Filter>
    </ClCompile>
    <ClCompile Include="dependencies\freetype\src\sfnt\sfnt.c">
      <Filter>Source Files\dependencies\freetype\FT_MODULES</Filter>
    </ClCompile>
    <ClCompile Include="dependencies\freetype\src\truetype\truetype.c">
      <Filter>Source Files\dependencies\freetype\FT_MODULES</Filter>
    </ClCompile>
    <ClCompile Include="dependencies\freetype\src\type1\type1.c">
      <Filter>Source Files\dependencies\freetype\FT_MODULES</Filter>
    </ClCompile>
    <ClCompile Include="dependencies\freetype\src\cid\type1cid.c">
      <Filter>Source Files\dependencies\freetype\FT_MODULES</Filter>
    </ClCompile>
    <ClCompile Include="dependencies\freetype\src\type42\type42.c">
      <Filter>Source Files\dependencies\freetype\FT_MODULES</Filter>
    </ClCompile>
    <ClCompile Include="dependencies\freetype\src\winfonts\winfnt.c">
      <Filter>Source Files\dependencies\freetype\FT_MODULES</Filter>
    </ClCompile>
    <ClCompile Include="dependencies\freetype\src\base\ftfntfmt.c">
      <Filter>Source Files\dependencies\freetype\FT_MODULES</Filter>
    </ClCompile>
    <ClCompile Include="src\renderer\renderable\Label.cpp">
      <Filter>Source Files</Filter>
    </ClCompile>
    <ClCompile Include="src\Fonts\Font.cpp">
      <Filter>Source Files</Filter>
    </ClCompile>
    <ClCompile Include="src\renderer\renderable\FPSCounter.cpp">
      <Filter>Source Files</Filter>
    </ClCompile>
    <ClCompile Include="src\utils\timing\Timer.cpp">
      <Filter>Source Files</Filter>
    </ClCompile>
    <ClCompile Include="src\renderer\renderable\StaticSprite.cpp">
      <Filter>Source Files</Filter>
    </ClCompile>
    <ClCompile Include="src\window\Window.cpp">
      <Filter>Source Files</Filter>
    </ClCompile>
    <ClCompile Include="dependencies\gorilla-audio\ga.c">
      <Filter>Source Files\dependencies\gorilla-audio</Filter>
    </ClCompile>
    <ClCompile Include="dependencies\gorilla-audio\devices\ga_openal.c">
      <Filter>Source Files\dependencies\gorilla-audio</Filter>
    </ClCompile>
    <ClCompile Include="dependencies\gorilla-audio\ga_stream.c">
      <Filter>Source Files\dependencies\gorilla-audio</Filter>
    </ClCompile>
    <ClCompile Include="dependencies\gorilla-audio\gau.c">
      <Filter>Source Files\dependencies\gorilla-audio</Filter>
    </ClCompile>
    <ClCompile Include="dependencies\gorilla-audio\common\gc_common.c">
      <Filter>Source Files\dependencies\gorilla-audio</Filter>
    </ClCompile>
    <ClCompile Include="dependencies\gorilla-audio\common\gc_thread.c">
      <Filter>Source Files\dependencies\gorilla-audio</Filter>
    </ClCompile>
    <ClCompile Include="dependencies\gorilla-audio\ext\libvorbis\lib\analysis.c">
      <Filter>Source Files\dependencies\gorilla-audio\ext</Filter>
    </ClCompile>
    <ClCompile Include="dependencies\gorilla-audio\ext\libvorbis\lib\bitrate.c">
      <Filter>Source Files\dependencies\gorilla-audio\ext</Filter>
    </ClCompile>
    <ClCompile Include="dependencies\gorilla-audio\ext\libogg\src\bitwise.c">
      <Filter>Source Files\dependencies\gorilla-audio\ext</Filter>
    </ClCompile>
    <ClCompile Include="dependencies\gorilla-audio\ext\libvorbis\lib\codebook.c">
      <Filter>Source Files\dependencies\gorilla-audio\ext</Filter>
    </ClCompile>
    <ClCompile Include="dependencies\gorilla-audio\ext\libvorbis\lib\envelope.c">
      <Filter>Source Files\dependencies\gorilla-audio\ext</Filter>
    </ClCompile>
    <ClCompile Include="dependencies\gorilla-audio\ext\libvorbis\lib\floor1.c">
      <Filter>Source Files\dependencies\gorilla-audio\ext</Filter>
    </ClCompile>
    <ClCompile Include="dependencies\gorilla-audio\ext\libvorbis\lib\floor0.c">
      <Filter>Source Files\dependencies\gorilla-audio\ext</Filter>
    </ClCompile>
    <ClCompile Include="dependencies\gorilla-audio\ext\libogg\src\framing.c">
      <Filter>Source Files\dependencies\gorilla-audio\ext</Filter>
    </ClCompile>
    <ClCompile Include="dependencies\gorilla-audio\ext\libvorbis\lib\info.c">
      <Filter>Source Files\dependencies\gorilla-audio\ext</Filter>
    </ClCompile>
    <ClCompile Include="dependencies\gorilla-audio\ext\libvorbis\lib\lookup.c">
      <Filter>Source Files\dependencies\gorilla-audio\ext</Filter>
    </ClCompile>
    <ClCompile Include="dependencies\gorilla-audio\ext\libvorbis\lib\lpc.c">
      <Filter>Source Files\dependencies\gorilla-audio\ext</Filter>
    </ClCompile>
    <ClCompile Include="dependencies\gorilla-audio\ext\libvorbis\lib\lsp.c">
      <Filter>Source Files\dependencies\gorilla-audio\ext</Filter>
    </ClCompile>
    <ClCompile Include="dependencies\gorilla-audio\ext\libvorbis\lib\mapping0.c">
      <Filter>Source Files\dependencies\gorilla-audio\ext</Filter>
    </ClCompile>
    <ClCompile Include="dependencies\gorilla-audio\ext\libvorbis\lib\mdct.c">
      <Filter>Source Files\dependencies\gorilla-audio\ext</Filter>
    </ClCompile>
    <ClCompile Include="dependencies\gorilla-audio\ext\libvorbis\lib\psy.c">
      <Filter>Source Files\dependencies\gorilla-audio\ext</Filter>
    </ClCompile>
    <ClCompile Include="dependencies\gorilla-audio\ext\libvorbis\lib\registry.c">
      <Filter>Source Files\dependencies\gorilla-audio\ext</Filter>
    </ClCompile>
    <ClCompile Include="dependencies\gorilla-audio\ext\libvorbis\lib\res0.c">
      <Filter>Source Files\dependencies\gorilla-audio\ext</Filter>
    </ClCompile>
    <ClCompile Include="dependencies\gorilla-audio\ext\libvorbis\lib\sharedbook.c">
      <Filter>Source Files\dependencies\gorilla-audio\ext</Filter>
    </ClCompile>
    <ClCompile Include="dependencies\gorilla-audio\ext\libvorbis\lib\smallft.c">
      <Filter>Source Files\dependencies\gorilla-audio\ext</Filter>
    </ClCompile>
    <ClCompile Include="dependencies\gorilla-audio\ext\libvorbis\lib\synthesis.c">
      <Filter>Source Files\dependencies\gorilla-audio\ext</Filter>
    </ClCompile>
    <ClCompile Include="dependencies\gorilla-audio\ext\libvorbis\lib\vorbisenc.c">
      <Filter>Source Files\dependencies\gorilla-audio\ext</Filter>
    </ClCompile>
    <ClCompile Include="dependencies\gorilla-audio\ext\libvorbis\lib\vorbisfile.c">
      <Filter>Source Files\dependencies\gorilla-audio\ext</Filter>
    </ClCompile>
    <ClCompile Include="dependencies\gorilla-audio\ext\libvorbis\lib\window.c">
      <Filter>Source Files\dependencies\gorilla-audio\ext</Filter>
    </ClCompile>
    <ClCompile Include="dependencies\gorilla-audio\ext\libvorbis\lib\block.c">
      <Filter>Source Files</Filter>
    </ClCompile>
    <ClCompile Include="src\audio\Sound.cpp">
      <Filter>Source Files</Filter>
    </ClCompile>
    <ClCompile Include="src\resources\Resources.cpp">
      <Filter>Source Files</Filter>
    </ClCompile>
    <ClCompile Include="src\Main_.cpp">
      <Filter>Source Files</Filter>
    </ClCompile>
    <ClCompile Include="src\Main.cpp">
      <Filter>Source Files</Filter>
    </ClCompile>
    <ClCompile Include="src\Game.cpp">
      <Filter>Source Files</Filter>
    </ClCompile>
    <ClCompile Include="src\Parallax.cpp">
      <Filter>Source Files</Filter>
    </ClCompile>
    <ClCompile Include="ext\freetype\src\autofit\afangles.c">
      <Filter>Source Files</Filter>
    </ClCompile>
    <ClCompile Include="ext\freetype\src\autofit\afblue.c">
      <Filter>Source Files</Filter>
    </ClCompile>
    <ClCompile Include="ext\freetype\src\autofit\afcjk.c">
      <Filter>Source Files</Filter>
    </ClCompile>
    <ClCompile Include="ext\freetype\src\autofit\afdummy.c">
      <Filter>Source Files</Filter>
    </ClCompile>
    <ClCompile Include="ext\freetype\src\autofit\afglobal.c">
      <Filter>Source Files</Filter>
    </ClCompile>
    <ClCompile Include="ext\freetype\src\autofit\afhints.c">
      <Filter>Source Files</Filter>
    </ClCompile>
    <ClCompile Include="ext\freetype\src\autofit\afindic.c">
      <Filter>Source Files</Filter>
    </ClCompile>
    <ClCompile Include="ext\freetype\src\autofit\aflatin.c">
      <Filter>Source Files</Filter>
    </ClCompile>
    <ClCompile Include="ext\freetype\src\autofit\aflatin2.c">
      <Filter>Source Files</Filter>
    </ClCompile>
    <ClCompile Include="ext\freetype\src\autofit\afloader.c">
      <Filter>Source Files</Filter>
    </ClCompile>
    <ClCompile Include="ext\freetype\src\autofit\afmodule.c">
      <Filter>Source Files</Filter>
    </ClCompile>
    <ClCompile Include="ext\freetype\src\autofit\afpic.c">
      <Filter>Source Files</Filter>
    </ClCompile>
    <ClCompile Include="ext\freetype\src\autofit\afranges.c">
      <Filter>Source Files</Filter>
    </ClCompile>
    <ClCompile Include="ext\freetype\src\autofit\afshaper.c">
      <Filter>Source Files</Filter>
    </ClCompile>
    <ClCompile Include="ext\freetype\src\autofit\afwarp.c">
      <Filter>Source Files</Filter>
    </ClCompile>
    <ClCompile Include="ext\freetype\src\autofit\autofit.c">
      <Filter>Source Files</Filter>
    </ClCompile>
    <ClCompile Include="ext\freetype\src\base\basepic.c">
      <Filter>Source Files</Filter>
    </ClCompile>
    <ClCompile Include="ext\freetype\src\base\ftadvanc.c">
      <Filter>Source Files</Filter>
    </ClCompile>
    <ClCompile Include="ext\freetype\src\base\ftapi.c">
      <Filter>Source Files</Filter>
    </ClCompile>
    <ClCompile Include="ext\freetype\src\base\ftbase.c">
      <Filter>Source Files</Filter>
    </ClCompile>
    <ClCompile Include="ext\freetype\src\base\ftbbox.c">
      <Filter>Source Files</Filter>
    </ClCompile>
    <ClCompile Include="ext\freetype\src\base\ftbdf.c">
      <Filter>Source Files</Filter>
    </ClCompile>
    <ClCompile Include="ext\freetype\src\base\ftbitmap.c">
      <Filter>Source Files</Filter>
    </ClCompile>
    <ClCompile Include="ext\freetype\src\base\ftcalc.c">
      <Filter>Source Files</Filter>
    </ClCompile>
    <ClCompile Include="ext\freetype\src\base\ftcid.c">
      <Filter>Source Files</Filter>
    </ClCompile>
    <ClCompile Include="ext\freetype\src\base\ftdbgmem.c">
      <Filter>Source Files</Filter>
    </ClCompile>
    <ClCompile Include="ext\freetype\src\base\ftdebug.c">
      <Filter>Source Files</Filter>
    </ClCompile>
    <ClCompile Include="ext\freetype\src\base\ftfntfmt.c">
      <Filter>Source Files</Filter>
    </ClCompile>
    <ClCompile Include="ext\freetype\src\base\ftfstype.c">
      <Filter>Source Files</Filter>
    </ClCompile>
    <ClCompile Include="ext\freetype\src\base\ftgasp.c">
      <Filter>Source Files</Filter>
    </ClCompile>
    <ClCompile Include="ext\freetype\src\base\ftgloadr.c">
      <Filter>Source Files</Filter>
    </ClCompile>
    <ClCompile Include="ext\freetype\src\base\ftglyph.c">
      <Filter>Source Files</Filter>
    </ClCompile>
    <ClCompile Include="ext\freetype\src\base\ftgxval.c">
      <Filter>Source Files</Filter>
    </ClCompile>
    <ClCompile Include="ext\freetype\src\base\fthash.c">
      <Filter>Source Files</Filter>
    </ClCompile>
    <ClCompile Include="ext\freetype\src\base\ftinit.c">
      <Filter>Source Files</Filter>
    </ClCompile>
    <ClCompile Include="ext\freetype\src\base\ftlcdfil.c">
      <Filter>Source Files</Filter>
    </ClCompile>
    <ClCompile Include="ext\freetype\src\base\ftmac.c">
      <Filter>Source Files</Filter>
    </ClCompile>
    <ClCompile Include="ext\freetype\src\base\ftmm.c">
      <Filter>Source Files</Filter>
    </ClCompile>
    <ClCompile Include="ext\freetype\src\base\ftobjs.c">
      <Filter>Source Files</Filter>
    </ClCompile>
    <ClCompile Include="ext\freetype\src\base\ftotval.c">
      <Filter>Source Files</Filter>
    </ClCompile>
    <ClCompile Include="ext\freetype\src\base\ftoutln.c">
      <Filter>Source Files</Filter>
    </ClCompile>
    <ClCompile Include="ext\freetype\src\base\ftpatent.c">
      <Filter>Source Files</Filter>
    </ClCompile>
    <ClCompile Include="ext\freetype\src\base\ftpfr.c">
      <Filter>Source Files</Filter>
    </ClCompile>
    <ClCompile Include="ext\freetype\src\base\ftpic.c">
      <Filter>Source Files</Filter>
    </ClCompile>
    <ClCompile Include="ext\freetype\src\base\ftpsprop.c">
      <Filter>Source Files</Filter>
    </ClCompile>
    <ClCompile Include="ext\freetype\src\base\ftrfork.c">
      <Filter>Source Files</Filter>
    </ClCompile>
    <ClCompile Include="ext\freetype\src\base\ftsnames.c">
      <Filter>Source Files</Filter>
    </ClCompile>
    <ClCompile Include="ext\freetype\src\base\ftstream.c">
      <Filter>Source Files</Filter>
    </ClCompile>
    <ClCompile Include="ext\freetype\src\base\ftstroke.c">
      <Filter>Source Files</Filter>
    </ClCompile>
    <ClCompile Include="ext\freetype\src\base\ftsynth.c">
      <Filter>Source Files</Filter>
    </ClCompile>
    <ClCompile Include="ext\freetype\src\base\ftsystem.c">
      <Filter>Source Files</Filter>
    </ClCompile>
    <ClCompile Include="ext\freetype\src\base\fttrigon.c">
      <Filter>Source Files</Filter>
    </ClCompile>
    <ClCompile Include="ext\freetype\src\base\fttype1.c">
      <Filter>Source Files</Filter>
    </ClCompile>
    <ClCompile Include="ext\freetype\src\base\ftutil.c">
      <Filter>Source Files</Filter>
    </ClCompile>
    <ClCompile Include="ext\freetype\src\base\ftwinfnt.c">
      <Filter>Source Files</Filter>
    </ClCompile>
    <ClCompile Include="ext\freetype\src\base\md5.c">
      <Filter>Source Files</Filter>
    </ClCompile>
    <ClCompile Include="ext\freetype\src\bdf\bdf.c">
      <Filter>Source Files</Filter>
    </ClCompile>
    <ClCompile Include="ext\freetype\src\bdf\bdfdrivr.c">
      <Filter>Source Files</Filter>
    </ClCompile>
    <ClCompile Include="ext\freetype\src\bdf\bdflib.c">
      <Filter>Source Files</Filter>
    </ClCompile>
    <ClCompile Include="ext\freetype\src\bzip2\ftbzip2.c">
      <Filter>Source Files</Filter>
    </ClCompile>
    <ClCompile Include="ext\freetype\src\cache\ftcache.c">
      <Filter>Source Files</Filter>
    </ClCompile>
    <ClCompile Include="ext\freetype\src\cache\ftcbasic.c">
      <Filter>Source Files</Filter>
    </ClCompile>
    <ClCompile Include="ext\freetype\src\cache\ftccache.c">
      <Filter>Source Files</Filter>
    </ClCompile>
    <ClCompile Include="ext\freetype\src\cache\ftccmap.c">
      <Filter>Source Files</Filter>
    </ClCompile>
    <ClCompile Include="ext\freetype\src\cache\ftcglyph.c">
      <Filter>Source Files</Filter>
    </ClCompile>
    <ClCompile Include="ext\freetype\src\cache\ftcimage.c">
      <Filter>Source Files</Filter>
    </ClCompile>
    <ClCompile Include="ext\freetype\src\cache\ftcmanag.c">
      <Filter>Source Files</Filter>
    </ClCompile>
    <ClCompile Include="ext\freetype\src\cache\ftcmru.c">
      <Filter>Source Files</Filter>
    </ClCompile>
    <ClCompile Include="ext\freetype\src\cache\ftcsbits.c">
      <Filter>Source Files</Filter>
    </ClCompile>
    <ClCompile Include="ext\freetype\src\cff\cff.c">
      <Filter>Source Files</Filter>
    </ClCompile>
    <ClCompile Include="ext\freetype\src\cff\cffcmap.c">
      <Filter>Source Files</Filter>
    </ClCompile>
    <ClCompile Include="ext\freetype\src\cff\cffdrivr.c">
      <Filter>Source Files</Filter>
    </ClCompile>
    <ClCompile Include="ext\freetype\src\cff\cffgload.c">
      <Filter>Source Files</Filter>
    </ClCompile>
    <ClCompile Include="ext\freetype\src\cff\cffload.c">
      <Filter>Source Files</Filter>
    </ClCompile>
    <ClCompile Include="ext\freetype\src\cff\cffobjs.c">
      <Filter>Source Files</Filter>
    </ClCompile>
    <ClCompile Include="ext\freetype\src\cff\cffparse.c">
      <Filter>Source Files</Filter>
    </ClCompile>
    <ClCompile Include="ext\freetype\src\cff\cffpic.c">
      <Filter>Source Files</Filter>
    </ClCompile>
    <ClCompile Include="ext\freetype\src\cid\cidgload.c">
      <Filter>Source Files</Filter>
    </ClCompile>
    <ClCompile Include="ext\freetype\src\cid\cidload.c">
      <Filter>Source Files</Filter>
    </ClCompile>
    <ClCompile Include="ext\freetype\src\cid\cidobjs.c">
      <Filter>Source Files</Filter>
    </ClCompile>
    <ClCompile Include="ext\freetype\src\cid\cidparse.c">
      <Filter>Source Files</Filter>
    </ClCompile>
    <ClCompile Include="ext\freetype\src\cid\cidriver.c">
      <Filter>Source Files</Filter>
    </ClCompile>
    <ClCompile Include="ext\freetype\src\cid\type1cid.c">
      <Filter>Source Files</Filter>
    </ClCompile>
    <ClCompile Include="ext\freetype\src\gxvalid\gxvalid.c">
      <Filter>Source Files</Filter>
    </ClCompile>
    <ClCompile Include="ext\freetype\src\gxvalid\gxvbsln.c">
      <Filter>Source Files</Filter>
    </ClCompile>
    <ClCompile Include="ext\freetype\src\gxvalid\gxvcommn.c">
      <Filter>Source Files</Filter>
    </ClCompile>
    <ClCompile Include="ext\freetype\src\gxvalid\gxvfeat.c">
      <Filter>Source Files</Filter>
    </ClCompile>
    <ClCompile Include="ext\freetype\src\gxvalid\gxvfgen.c">
      <Filter>Source Files</Filter>
    </ClCompile>
    <ClCompile Include="ext\freetype\src\gxvalid\gxvjust.c">
      <Filter>Source Files</Filter>
    </ClCompile>
    <ClCompile Include="ext\freetype\src\gxvalid\gxvkern.c">
      <Filter>Source Files</Filter>
    </ClCompile>
    <ClCompile Include="ext\freetype\src\gxvalid\gxvlcar.c">
      <Filter>Source Files</Filter>
    </ClCompile>
    <ClCompile Include="ext\freetype\src\gxvalid\gxvmod.c">
      <Filter>Source Files</Filter>
    </ClCompile>
    <ClCompile Include="ext\freetype\src\gxvalid\gxvmort.c">
      <Filter>Source Files</Filter>
    </ClCompile>
    <ClCompile Include="ext\freetype\src\gxvalid\gxvmort0.c">
      <Filter>Source Files</Filter>
    </ClCompile>
    <ClCompile Include="ext\freetype\src\gxvalid\gxvmort1.c">
      <Filter>Source Files</Filter>
    </ClCompile>
    <ClCompile Include="ext\freetype\src\gxvalid\gxvmort2.c">
      <Filter>Source Files</Filter>
    </ClCompile>
    <ClCompile Include="ext\freetype\src\gxvalid\gxvmort4.c">
      <Filter>Source Files</Filter>
    </ClCompile>
    <ClCompile Include="ext\freetype\src\gxvalid\gxvmort5.c">
      <Filter>Source Files</Filter>
    </ClCompile>
    <ClCompile Include="ext\freetype\src\gxvalid\gxvmorx.c">
      <Filter>Source Files</Filter>
    </ClCompile>
    <ClCompile Include="ext\freetype\src\gxvalid\gxvmorx0.c">
      <Filter>Source Files</Filter>
    </ClCompile>
    <ClCompile Include="ext\freetype\src\gxvalid\gxvmorx1.c">
      <Filter>Source Files</Filter>
    </ClCompile>
    <ClCompile Include="ext\freetype\src\gxvalid\gxvmorx2.c">
      <Filter>Source Files</Filter>
    </ClCompile>
    <ClCompile Include="ext\freetype\src\gxvalid\gxvmorx4.c">
      <Filter>Source Files</Filter>
    </ClCompile>
    <ClCompile Include="ext\freetype\src\gxvalid\gxvmorx5.c">
      <Filter>Source Files</Filter>
    </ClCompile>
    <ClCompile Include="ext\freetype\src\gxvalid\gxvopbd.c">
      <Filter>Source Files</Filter>
    </ClCompile>
    <ClCompile Include="ext\freetype\src\gxvalid\gxvprop.c">
      <Filter>Source Files</Filter>
    </ClCompile>
    <ClCompile Include="ext\freetype\src\gxvalid\gxvtrak.c">
      <Filter>Source Files</Filter>
    </ClCompile>
    <ClCompile Include="ext\freetype\src\gzip\adler32.c">
      <Filter>Source Files</Filter>
    </ClCompile>
    <ClCompile Include="ext\freetype\src\gzip\ftgzip.c">
      <Filter>Source Files</Filter>
    </ClCompile>
    <ClCompile Include="ext\freetype\src\gzip\infblock.c">
      <Filter>Source Files</Filter>
    </ClCompile>
    <ClCompile Include="ext\freetype\src\gzip\infcodes.c">
      <Filter>Source Files</Filter>
    </ClCompile>
    <ClCompile Include="ext\freetype\src\gzip\inftrees.c">
      <Filter>Source Files</Filter>
    </ClCompile>
    <ClCompile Include="ext\freetype\src\gzip\zutil.c">
      <Filter>Source Files</Filter>
    </ClCompile>
    <ClCompile Include="ext\freetype\src\lzw\ftlzw.c">
      <Filter>Source Files</Filter>
    </ClCompile>
    <ClCompile Include="ext\freetype\src\lzw\ftzopen.c">
      <Filter>Source Files</Filter>
    </ClCompile>
    <ClCompile Include="ext\freetype\src\otvalid\otvalid.c">
      <Filter>Source Files</Filter>
    </ClCompile>
    <ClCompile Include="ext\freetype\src\otvalid\otvbase.c">
      <Filter>Source Files</Filter>
    </ClCompile>
    <ClCompile Include="ext\freetype\src\otvalid\otvcommn.c">
      <Filter>Source Files</Filter>
    </ClCompile>
    <ClCompile Include="ext\freetype\src\otvalid\otvgdef.c">
      <Filter>Source Files</Filter>
    </ClCompile>
    <ClCompile Include="ext\freetype\src\otvalid\otvgpos.c">
      <Filter>Source Files</Filter>
    </ClCompile>
    <ClCompile Include="ext\freetype\src\otvalid\otvgsub.c">
      <Filter>Source Files</Filter>
    </ClCompile>
    <ClCompile Include="ext\freetype\src\otvalid\otvjstf.c">
      <Filter>Source Files</Filter>
    </ClCompile>
    <ClCompile Include="ext\freetype\src\otvalid\otvmath.c">
      <Filter>Source Files</Filter>
    </ClCompile>
    <ClCompile Include="ext\freetype\src\otvalid\otvmod.c">
      <Filter>Source Files</Filter>
    </ClCompile>
    <ClCompile Include="ext\freetype\src\pcf\pcf.c">
      <Filter>Source Files</Filter>
    </ClCompile>
    <ClCompile Include="ext\freetype\src\pcf\pcfdrivr.c">
      <Filter>Source Files</Filter>
    </ClCompile>
    <ClCompile Include="ext\freetype\src\pcf\pcfread.c">
      <Filter>Source Files</Filter>
    </ClCompile>
    <ClCompile Include="ext\freetype\src\pcf\pcfutil.c">
      <Filter>Source Files</Filter>
    </ClCompile>
    <ClCompile Include="ext\freetype\src\pfr\pfr.c">
      <Filter>Source Files</Filter>
    </ClCompile>
    <ClCompile Include="ext\freetype\src\pfr\pfrcmap.c">
      <Filter>Source Files</Filter>
    </ClCompile>
    <ClCompile Include="ext\freetype\src\pfr\pfrdrivr.c">
      <Filter>Source Files</Filter>
    </ClCompile>
    <ClCompile Include="ext\freetype\src\pfr\pfrgload.c">
      <Filter>Source Files</Filter>
    </ClCompile>
    <ClCompile Include="ext\freetype\src\pfr\pfrload.c">
      <Filter>Source Files</Filter>
    </ClCompile>
    <ClCompile Include="ext\freetype\src\pfr\pfrobjs.c">
      <Filter>Source Files</Filter>
    </ClCompile>
    <ClCompile Include="ext\freetype\src\pfr\pfrsbit.c">
      <Filter>Source Files</Filter>
    </ClCompile>
    <ClCompile Include="ext\freetype\src\psaux\afmparse.c">
      <Filter>Source Files</Filter>
    </ClCompile>
    <ClCompile Include="ext\freetype\src\psaux\cffdecode.c">
      <Filter>Source Files</Filter>
    </ClCompile>
    <ClCompile Include="ext\freetype\src\psaux\psarrst.c">
      <Filter>Source Files</Filter>
    </ClCompile>
    <ClCompile Include="ext\freetype\src\psaux\psaux.c">
      <Filter>Source Files</Filter>
    </ClCompile>
    <ClCompile Include="ext\freetype\src\psaux\psauxmod.c">
      <Filter>Source Files</Filter>
    </ClCompile>
    <ClCompile Include="ext\freetype\src\psaux\psblues.c">
      <Filter>Source Files</Filter>
    </ClCompile>
    <ClCompile Include="ext\freetype\src\psaux\psconv.c">
      <Filter>Source Files</Filter>
    </ClCompile>
    <ClCompile Include="ext\freetype\src\psaux\pserror.c">
      <Filter>Source Files</Filter>
    </ClCompile>
    <ClCompile Include="ext\freetype\src\psaux\psfont.c">
      <Filter>Source Files</Filter>
    </ClCompile>
    <ClCompile Include="ext\freetype\src\psaux\psft.c">
      <Filter>Source Files</Filter>
    </ClCompile>
    <ClCompile Include="ext\freetype\src\psaux\pshints.c">
      <Filter>Source Files</Filter>
    </ClCompile>
    <ClCompile Include="ext\freetype\src\psaux\psintrp.c">
      <Filter>Source Files</Filter>
    </ClCompile>
    <ClCompile Include="ext\freetype\src\psaux\psobjs.c">
      <Filter>Source Files</Filter>
    </ClCompile>
    <ClCompile Include="ext\freetype\src\psaux\psread.c">
      <Filter>Source Files</Filter>
    </ClCompile>
    <ClCompile Include="ext\freetype\src\psaux\psstack.c">
      <Filter>Source Files</Filter>
    </ClCompile>
    <ClCompile Include="ext\freetype\src\psaux\t1cmap.c">
      <Filter>Source Files</Filter>
    </ClCompile>
    <ClCompile Include="ext\freetype\src\psaux\t1decode.c">
      <Filter>Source Files</Filter>
    </ClCompile>
    <ClCompile Include="ext\freetype\src\pshinter\pshalgo.c">
      <Filter>Source Files</Filter>
    </ClCompile>
    <ClCompile Include="ext\freetype\src\pshinter\pshglob.c">
      <Filter>Source Files</Filter>
    </ClCompile>
    <ClCompile Include="ext\freetype\src\pshinter\pshinter.c">
      <Filter>Source Files</Filter>
    </ClCompile>
    <ClCompile Include="ext\freetype\src\pshinter\pshmod.c">
      <Filter>Source Files</Filter>
    </ClCompile>
    <ClCompile Include="ext\freetype\src\pshinter\pshpic.c">
      <Filter>Source Files</Filter>
    </ClCompile>
    <ClCompile Include="ext\freetype\src\pshinter\pshrec.c">
      <Filter>Source Files</Filter>
    </ClCompile>
    <ClCompile Include="ext\freetype\src\psnames\psmodule.c">
      <Filter>Source Files</Filter>
    </ClCompile>
    <ClCompile Include="ext\freetype\src\psnames\psnames.c">
      <Filter>Source Files</Filter>
    </ClCompile>
    <ClCompile Include="ext\freetype\src\psnames\pspic.c">
      <Filter>Source Files</Filter>
    </ClCompile>
    <ClCompile Include="ext\freetype\src\raster\ftraster.c">
      <Filter>Source Files</Filter>
    </ClCompile>
    <ClCompile Include="ext\freetype\src\raster\ftrend1.c">
      <Filter>Source Files</Filter>
    </ClCompile>
    <ClCompile Include="ext\freetype\src\raster\raster.c">
      <Filter>Source Files</Filter>
    </ClCompile>
    <ClCompile Include="ext\freetype\src\raster\rastpic.c">
      <Filter>Source Files</Filter>
    </ClCompile>
    <ClCompile Include="ext\freetype\src\sfnt\pngshim.c">
      <Filter>Source Files</Filter>
    </ClCompile>
    <ClCompile Include="ext\freetype\src\sfnt\sfdriver.c">
      <Filter>Source Files</Filter>
    </ClCompile>
    <ClCompile Include="ext\freetype\src\sfnt\sfnt.c">
      <Filter>Source Files</Filter>
    </ClCompile>
    <ClCompile Include="ext\freetype\src\sfnt\sfntpic.c">
      <Filter>Source Files</Filter>
    </ClCompile>
    <ClCompile Include="ext\freetype\src\sfnt\sfobjs.c">
      <Filter>Source Files</Filter>
    </ClCompile>
    <ClCompile Include="ext\freetype\src\sfnt\ttbdf.c">
      <Filter>Source Files</Filter>
    </ClCompile>
    <ClCompile Include="ext\freetype\src\sfnt\ttcmap.c">
      <Filter>Source Files</Filter>
    </ClCompile>
    <ClCompile Include="ext\freetype\src\sfnt\ttkern.c">
      <Filter>Source Files</Filter>
    </ClCompile>
    <ClCompile Include="ext\freetype\src\sfnt\ttload.c">
      <Filter>Source Files</Filter>
    </ClCompile>
    <ClCompile Include="ext\freetype\src\sfnt\ttmtx.c">
      <Filter>Source Files</Filter>
    </ClCompile>
    <ClCompile Include="ext\freetype\src\sfnt\ttpost.c">
      <Filter>Source Files</Filter>
    </ClCompile>
    <ClCompile Include="ext\freetype\src\sfnt\ttsbit.c">
      <Filter>Source Files</Filter>
    </ClCompile>
    <ClCompile Include="ext\freetype\src\smooth\ftgrays.c">
      <Filter>Source Files</Filter>
    </ClCompile>
    <ClCompile Include="ext\freetype\src\smooth\ftsmooth.c">
      <Filter>Source Files</Filter>
    </ClCompile>
    <ClCompile Include="ext\freetype\src\smooth\ftspic.c">
      <Filter>Source Files</Filter>
    </ClCompile>
    <ClCompile Include="ext\freetype\src\smooth\smooth.c">
      <Filter>Source Files</Filter>
    </ClCompile>
    <ClCompile Include="ext\freetype\src\truetype\truetype.c">
      <Filter>Source Files</Filter>
    </ClCompile>
    <ClCompile Include="ext\freetype\src\truetype\ttdriver.c">
      <Filter>Source Files</Filter>
    </ClCompile>
    <ClCompile Include="ext\freetype\src\truetype\ttgload.c">
      <Filter>Source Files</Filter>
    </ClCompile>
    <ClCompile Include="ext\freetype\src\truetype\ttgxvar.c">
      <Filter>Source Files</Filter>
    </ClCompile>
    <ClCompile Include="ext\freetype\src\truetype\ttinterp.c">
      <Filter>Source Files</Filter>
    </ClCompile>
    <ClCompile Include="ext\freetype\src\truetype\ttobjs.c">
      <Filter>Source Files</Filter>
    </ClCompile>
    <ClCompile Include="ext\freetype\src\truetype\ttpic.c">
      <Filter>Source Files</Filter>
    </ClCompile>
    <ClCompile Include="ext\freetype\src\truetype\ttpload.c">
      <Filter>Source Files</Filter>
    </ClCompile>
    <ClCompile Include="ext\freetype\src\truetype\ttsubpix.c">
      <Filter>Source Files</Filter>
    </ClCompile>
    <ClCompile Include="ext\freetype\src\type1\t1afm.c">
      <Filter>Source Files</Filter>
    </ClCompile>
    <ClCompile Include="ext\freetype\src\type1\t1driver.c">
      <Filter>Source Files</Filter>
    </ClCompile>
    <ClCompile Include="ext\freetype\src\type1\t1gload.c">
      <Filter>Source Files</Filter>
    </ClCompile>
    <ClCompile Include="ext\freetype\src\type1\t1load.c">
      <Filter>Source Files</Filter>
    </ClCompile>
    <ClCompile Include="ext\freetype\src\type1\t1objs.c">
      <Filter>Source Files</Filter>
    </ClCompile>
    <ClCompile Include="ext\freetype\src\type1\t1parse.c">
      <Filter>Source Files</Filter>
    </ClCompile>
    <ClCompile Include="ext\freetype\src\type1\type1.c">
      <Filter>Source Files</Filter>
    </ClCompile>
    <ClCompile Include="ext\freetype\src\type42\t42drivr.c">
      <Filter>Source Files</Filter>
    </ClCompile>
    <ClCompile Include="ext\freetype\src\type42\t42objs.c">
      <Filter>Source Files</Filter>
    </ClCompile>
    <ClCompile Include="ext\freetype\src\type42\t42parse.c">
      <Filter>Source Files</Filter>
    </ClCompile>
    <ClCompile Include="ext\freetype\src\type42\type42.c">
      <Filter>Source Files</Filter>
    </ClCompile>
    <ClCompile Include="ext\freetype\src\winfonts\winfnt.c">
      <Filter>Source Files</Filter>
    </ClCompile>
    <ClCompile Include="ext\gorilla-audio\common\gc_common.c">
      <Filter>Source Files</Filter>
    </ClCompile>
    <ClCompile Include="ext\gorilla-audio\common\gc_thread.c">
      <Filter>Source Files</Filter>
    </ClCompile>
    <ClCompile Include="ext\gorilla-audio\devices\ga_openal.c">
      <Filter>Source Files</Filter>
    </ClCompile>
    <ClCompile Include="ext\gorilla-audio\ext\libogg\src\bitwise.c">
      <Filter>Source Files</Filter>
    </ClCompile>
    <ClCompile Include="ext\gorilla-audio\ext\libogg\src\framing.c">
      <Filter>Source Files</Filter>
    </ClCompile>
    <ClCompile Include="ext\gorilla-audio\ext\libvorbis\lib\analysis.c">
      <Filter>Source Files</Filter>
    </ClCompile>
    <ClCompile Include="ext\gorilla-audio\ext\libvorbis\lib\barkmel.c">
      <Filter>Source Files</Filter>
    </ClCompile>
    <ClCompile Include="ext\gorilla-audio\ext\libvorbis\lib\bitrate.c">
      <Filter>Source Files</Filter>
    </ClCompile>
    <ClCompile Include="ext\gorilla-audio\ext\libvorbis\lib\block.c">
      <Filter>Source Files</Filter>
    </ClCompile>
    <ClCompile Include="ext\gorilla-audio\ext\libvorbis\lib\codebook.c">
      <Filter>Source Files</Filter>
    </ClCompile>
    <ClCompile Include="ext\gorilla-audio\ext\libvorbis\lib\envelope.c">
      <Filter>Source Files</Filter>
    </ClCompile>
    <ClCompile Include="ext\gorilla-audio\ext\libvorbis\lib\floor0.c">
      <Filter>Source Files</Filter>
    </ClCompile>
    <ClCompile Include="ext\gorilla-audio\ext\libvorbis\lib\floor1.c">
      <Filter>Source Files</Filter>
    </ClCompile>
    <ClCompile Include="ext\gorilla-audio\ext\libvorbis\lib\info.c">
      <Filter>Source Files</Filter>
    </ClCompile>
    <ClCompile Include="ext\gorilla-audio\ext\libvorbis\lib\lookup.c">
      <Filter>Source Files</Filter>
    </ClCompile>
    <ClCompile Include="ext\gorilla-audio\ext\libvorbis\lib\lpc.c">
      <Filter>Source Files</Filter>
    </ClCompile>
    <ClCompile Include="ext\gorilla-audio\ext\libvorbis\lib\lsp.c">
      <Filter>Source Files</Filter>
    </ClCompile>
    <ClCompile Include="ext\gorilla-audio\ext\libvorbis\lib\mapping0.c">
      <Filter>Source Files</Filter>
    </ClCompile>
    <ClCompile Include="ext\gorilla-audio\ext\libvorbis\lib\mdct.c">
      <Filter>Source Files</Filter>
    </ClCompile>
    <ClCompile Include="ext\gorilla-audio\ext\libvorbis\lib\registry.c">
      <Filter>Source Files</Filter>
    </ClCompile>
    <ClCompile Include="ext\gorilla-audio\ext\libvorbis\lib\res0.c">
      <Filter>Source Files</Filter>
    </ClCompile>
    <ClCompile Include="ext\gorilla-audio\ext\libvorbis\lib\sharedbook.c">
      <Filter>Source Files</Filter>
    </ClCompile>
    <ClCompile Include="ext\gorilla-audio\ext\libvorbis\lib\smallft.c">
      <Filter>Source Files</Filter>
    </ClCompile>
    <ClCompile Include="ext\gorilla-audio\ext\libvorbis\lib\synthesis.c">
      <Filter>Source Files</Filter>
    </ClCompile>
    <ClCompile Include="ext\gorilla-audio\ext\libvorbis\lib\tone.c">
      <Filter>Source Files</Filter>
    </ClCompile>
    <ClCompile Include="ext\gorilla-audio\ext\libvorbis\lib\vorbisenc.c">
      <Filter>Source Files</Filter>
    </ClCompile>
    <ClCompile Include="ext\gorilla-audio\ext\libvorbis\lib\vorbisfile.c">
      <Filter>Source Files</Filter>
    </ClCompile>
    <ClCompile Include="ext\gorilla-audio\ext\libvorbis\lib\window.c">
      <Filter>Source Files</Filter>
    </ClCompile>
    <ClCompile Include="ext\gorilla-audio\ga.c">
      <Filter>Source Files</Filter>
    </ClCompile>
    <ClCompile Include="ext\gorilla-audio\ga_stream.c">
      <Filter>Source Files</Filter>
    </ClCompile>
    <ClCompile Include="ext\gorilla-audio\gau.c">
      <Filter>Source Files</Filter>
    </ClCompile>
  </ItemGroup>
  <ItemGroup>
    <ClInclude Include="src\utils\log\Log.h">
      <Filter>Header Files</Filter>
    </ClInclude>
    <ClInclude Include="src\resources\FileReader.h">
      <Filter>Header Files</Filter>
    </ClInclude>
    <ClInclude Include="src\shading\Shader.h">
      <Filter>Header Files</Filter>
    </ClInclude>
    <ClInclude Include="src\utils\SimpleHash.h">
      <Filter>Header Files</Filter>
    </ClInclude>
    <ClInclude Include="src\renderer\Renderer2D.h">
      <Filter>Header Files</Filter>
    </ClInclude>
    <ClInclude Include="src\renderer\SimpleRenderer2D.h">
      <Filter>Header Files</Filter>
    </ClInclude>
    <ClInclude Include="src\renderer\buffer\VertexBufferLayout.h">
      <Filter>Header Files</Filter>
    </ClInclude>
    <ClInclude Include="src\renderer\buffer\VertexArray.h">
      <Filter>Header Files</Filter>
    </ClInclude>
    <ClInclude Include="src\renderer\buffer\VertexBuffer.h">
      <Filter>Header Files</Filter>
    </ClInclude>
    <ClInclude Include="src\renderer\buffer\IndexBuffer.h">
      <Filter>Header Files</Filter>
    </ClInclude>
    <ClInclude Include="src\renderer\renderable\Renderable2D.h">
      <Filter>Header Files</Filter>
    </ClInclude>
    <ClInclude Include="src\renderer\BatchRenderer2D.h">
      <Filter>Header Files</Filter>
    </ClInclude>
    <ClInclude Include="src\renderer\renderable\Sprite.h">
      <Filter>Header Files</Filter>
    </ClInclude>
    <ClInclude Include="src\renderer\layers\Layer.h">
      <Filter>Header Files</Filter>
    </ClInclude>
    <ClInclude Include="src\renderer\layers\SceneLayer.h">
      <Filter>Header Files</Filter>
    </ClInclude>
    <ClInclude Include="src\renderer\renderable\Group.h">
      <Filter>Header Files</Filter>
    </ClInclude>
    <ClInclude Include="src\shading\Texture.h">
      <Filter>Header Files</Filter>
    </ClInclude>
    <ClInclude Include="src\resources\ImageLoader.h">
      <Filter>Header Files</Filter>
    </ClInclude>
    <ClInclude Include="dependencies\freetype\include\ft2build.h">
      <Filter>Header Files\dependencies\freetype</Filter>
    </ClInclude>
    <ClInclude Include="dependencies\freetype\include\freetype\config\ftconfig.h">
      <Filter>Header Files\dependencies\freetype</Filter>
    </ClInclude>
    <ClInclude Include="dependencies\freetype\include\freetype\config\ftheader.h">
      <Filter>Header Files\dependencies\freetype</Filter>
    </ClInclude>
    <ClInclude Include="dependencies\freetype\include\freetype\config\ftmodule.h">
      <Filter>Header Files\dependencies\freetype</Filter>
    </ClInclude>
    <ClInclude Include="dependencies\freetype\include\freetype\config\ftoption.h">
      <Filter>Header Files\dependencies\freetype</Filter>
    </ClInclude>
    <ClInclude Include="dependencies\freetype\include\freetype\config\ftstdlib.h">
      <Filter>Header Files\dependencies\freetype</Filter>
    </ClInclude>
    <ClInclude Include="dependencies\freetype\include\freetype\ftfntfmt.h">
      <Filter>Header Files\dependencies\freetype</Filter>
    </ClInclude>
    <ClInclude Include="src\renderer\renderable\Label.h">
      <Filter>Header Files</Filter>
    </ClInclude>
    <ClInclude Include="src\resources\fonts\Font.h">
      <Filter>Header Files</Filter>
    </ClInclude>
    <ClInclude Include="src\Fonts\Font.h">
      <Filter>Header Files</Filter>
    </ClInclude>
    <ClInclude Include="src\utils\error_handling\FTErrorHandler.h">
      <Filter>Header Files</Filter>
    </ClInclude>
    <ClInclude Include="src\utils\error_handling\ErrorHandler.h">
      <Filter>Header Files</Filter>
    </ClInclude>
    <ClInclude Include="src\utils\timing\SimpleTimer.h">
      <Filter>Header Files</Filter>
    </ClInclude>
    <ClInclude Include="src\utils\timing\ScopedTimer.h">
      <Filter>Header Files</Filter>
    </ClInclude>
    <ClInclude Include="src\renderer\renderable\FPSCounter.h">
      <Filter>Header Files</Filter>
    </ClInclude>
    <ClInclude Include="src\utils\timing\Timer.h">
      <Filter>Header Files</Filter>
    </ClInclude>
    <ClInclude Include="src\utils\error_handling\GLErrorHandler.h">
      <Filter>Header Files</Filter>
    </ClInclude>
    <ClInclude Include="src\renderer\renderable\StaticSprite.h">
      <Filter>Header Files</Filter>
    </ClInclude>
    <ClInclude Include="src\utils\color\ColorFormatConverter.h">
      <Filter>Header Files</Filter>
    </ClInclude>
    <ClInclude Include="src\window\Window.h">
      <Filter>Header Files</Filter>
    </ClInclude>
    <ClInclude Include="dependencies\gorilla-audio\ga.h">
      <Filter>Header Files\dependencies\gorilla-audio</Filter>
    </ClInclude>
    <ClInclude Include="dependencies\gorilla-audio\ga_internal.h">
      <Filter>Header Files\dependencies\gorilla-audio</Filter>
    </ClInclude>
    <ClInclude Include="dependencies\gorilla-audio\devices\ga_openal.h">
      <Filter>Header Files\dependencies\gorilla-audio</Filter>
    </ClInclude>
    <ClInclude Include="dependencies\gorilla-audio\gau.h">
      <Filter>Header Files\dependencies\gorilla-audio</Filter>
    </ClInclude>
    <ClInclude Include="dependencies\gorilla-audio\common\gc_common.h">
      <Filter>Header Files\dependencies\gorilla-audio</Filter>
    </ClInclude>
    <ClInclude Include="dependencies\gorilla-audio\common\gc_thread.h">
      <Filter>Header Files\dependencies\gorilla-audio</Filter>
    </ClInclude>
    <ClInclude Include="dependencies\gorilla-audio\common\gc_types.h">
      <Filter>Header Files\dependencies\gorilla-audio</Filter>
    </ClInclude>
    <ClInclude Include="dependencies\gorilla-audio\ext\libvorbis\lib\window.h">
      <Filter>Header Files</Filter>
    </ClInclude>
    <ClInclude Include="dependencies\gorilla-audio\ext\OpenAL\include\al.h">
      <Filter>Header Files\dependencies\gorilla-audio\ext</Filter>
    </ClInclude>
    <ClInclude Include="dependencies\gorilla-audio\ext\OpenAL\include\alc.h">
      <Filter>Header Files\dependencies\gorilla-audio\ext</Filter>
    </ClInclude>
    <ClInclude Include="dependencies\gorilla-audio\ext\libvorbis\lib\backends.h">
      <Filter>Header Files\dependencies\gorilla-audio\ext</Filter>
    </ClInclude>
    <ClInclude Include="dependencies\gorilla-audio\ext\libvorbis\lib\bitrate.h">
      <Filter>Header Files\dependencies\gorilla-audio\ext</Filter>
    </ClInclude>
    <ClInclude Include="dependencies\gorilla-audio\ext\libvorbis\lib\codebook.h">
      <Filter>Header Files\dependencies\gorilla-audio\ext</Filter>
    </ClInclude>
    <ClInclude Include="dependencies\gorilla-audio\ext\libvorbis\include\vorbis\codec.h">
      <Filter>Header Files\dependencies\gorilla-audio\ext</Filter>
    </ClInclude>
    <ClInclude Include="dependencies\gorilla-audio\ext\libvorbis\lib\codec_internal.h">
      <Filter>Header Files\dependencies\gorilla-audio\ext</Filter>
    </ClInclude>
    <ClInclude Include="dependencies\gorilla-audio\ext\libogg\include\ogg\config_types.h">
      <Filter>Header Files\dependencies\gorilla-audio\ext</Filter>
    </ClInclude>
    <ClInclude Include="dependencies\gorilla-audio\ext\OpenAL\include\efx.h">
      <Filter>Header Files\dependencies\gorilla-audio\ext</Filter>
    </ClInclude>
    <ClInclude Include="dependencies\gorilla-audio\ext\OpenAL\include\efx-creative.h">
      <Filter>Header Files\dependencies\gorilla-audio\ext</Filter>
    </ClInclude>
    <ClInclude Include="dependencies\gorilla-audio\ext\OpenAL\include\EFX-Util.h">
      <Filter>Header Files\dependencies\gorilla-audio\ext</Filter>
    </ClInclude>
    <ClInclude Include="dependencies\gorilla-audio\ext\libvorbis\lib\envelope.h">
      <Filter>Header Files\dependencies\gorilla-audio\ext</Filter>
    </ClInclude>
    <ClInclude Include="dependencies\gorilla-audio\ext\libvorbis\lib\modes\floor_all.h">
      <Filter>Header Files\dependencies\gorilla-audio\ext</Filter>
    </ClInclude>
    <ClInclude Include="dependencies\gorilla-audio\ext\libvorbis\lib\books\floor\floor_books.h">
      <Filter>Header Files\dependencies\gorilla-audio\ext</Filter>
    </ClInclude>
    <ClInclude Include="dependencies\gorilla-audio\ext\libvorbis\lib\highlevel.h">
      <Filter>Header Files\dependencies\gorilla-audio\ext</Filter>
    </ClInclude>
    <ClInclude Include="dependencies\gorilla-audio\ext\libvorbis\lib\lookup.h">
      <Filter>Header Files\dependencies\gorilla-audio\ext</Filter>
    </ClInclude>
    <ClInclude Include="dependencies\gorilla-audio\ext\libvorbis\lib\lookup_data.h">
      <Filter>Header Files\dependencies\gorilla-audio\ext</Filter>
    </ClInclude>
    <ClInclude Include="dependencies\gorilla-audio\ext\libvorbis\lib\lpc.h">
      <Filter>Header Files\dependencies\gorilla-audio\ext</Filter>
    </ClInclude>
    <ClInclude Include="dependencies\gorilla-audio\ext\libvorbis\lib\lsp.h">
      <Filter>Header Files\dependencies\gorilla-audio\ext</Filter>
    </ClInclude>
    <ClInclude Include="dependencies\gorilla-audio\ext\libvorbis\lib\masking.h">
      <Filter>Header Files\dependencies\gorilla-audio\ext</Filter>
    </ClInclude>
    <ClInclude Include="dependencies\gorilla-audio\ext\libvorbis\lib\mdct.h">
      <Filter>Header Files\dependencies\gorilla-audio\ext</Filter>
    </ClInclude>
    <ClInclude Include="dependencies\gorilla-audio\ext\libvorbis\lib\misc.h">
      <Filter>Header Files\dependencies\gorilla-audio\ext</Filter>
    </ClInclude>
    <ClInclude Include="dependencies\gorilla-audio\ext\libogg\include\ogg\ogg.h">
      <Filter>Header Files\dependencies\gorilla-audio\ext</Filter>
    </ClInclude>
    <ClInclude Include="dependencies\gorilla-audio\ext\libvorbis\lib\os.h">
      <Filter>Header Files\dependencies\gorilla-audio\ext</Filter>
    </ClInclude>
    <ClInclude Include="dependencies\gorilla-audio\ext\libogg\include\ogg\os_types.h">
      <Filter>Header Files\dependencies\gorilla-audio\ext</Filter>
    </ClInclude>
    <ClInclude Include="dependencies\gorilla-audio\ext\libvorbis\lib\psy.h">
      <Filter>Header Files\dependencies\gorilla-audio\ext</Filter>
    </ClInclude>
    <ClInclude Include="dependencies\gorilla-audio\ext\libvorbis\lib\modes\psych_8.h">
      <Filter>Header Files\dependencies\gorilla-audio\ext</Filter>
    </ClInclude>
    <ClInclude Include="dependencies\gorilla-audio\ext\libvorbis\lib\modes\psych_11.h">
      <Filter>Header Files\dependencies\gorilla-audio\ext</Filter>
    </ClInclude>
    <ClInclude Include="dependencies\gorilla-audio\ext\libvorbis\lib\modes\psych_16.h">
      <Filter>Header Files\dependencies\gorilla-audio\ext</Filter>
    </ClInclude>
    <ClInclude Include="dependencies\gorilla-audio\ext\libvorbis\lib\modes\psych_44.h">
      <Filter>Header Files\dependencies\gorilla-audio\ext</Filter>
    </ClInclude>
    <ClInclude Include="dependencies\gorilla-audio\ext\libvorbis\lib\registry.h">
      <Filter>Header Files\dependencies\gorilla-audio\ext</Filter>
    </ClInclude>
    <ClInclude Include="dependencies\gorilla-audio\ext\libvorbis\lib\books\coupled\res_books_stereo.h">
      <Filter>Header Files\dependencies\gorilla-audio\ext</Filter>
    </ClInclude>
    <ClInclude Include="dependencies\gorilla-audio\ext\libvorbis\lib\books\uncoupled\res_books_uncoupled.h">
      <Filter>Header Files\dependencies\gorilla-audio\ext</Filter>
    </ClInclude>
    <ClInclude Include="dependencies\gorilla-audio\ext\libvorbis\lib\modes\residue_8.h">
      <Filter>Header Files\dependencies\gorilla-audio\ext</Filter>
    </ClInclude>
    <ClInclude Include="dependencies\gorilla-audio\ext\libvorbis\lib\modes\residue_16.h">
      <Filter>Header Files\dependencies\gorilla-audio\ext</Filter>
    </ClInclude>
    <ClInclude Include="dependencies\gorilla-audio\ext\libvorbis\lib\modes\residue_44.h">
      <Filter>Header Files\dependencies\gorilla-audio\ext</Filter>
    </ClInclude>
    <ClInclude Include="dependencies\gorilla-audio\ext\libvorbis\lib\modes\residue_44u.h">
      <Filter>Header Files\dependencies\gorilla-audio\ext</Filter>
    </ClInclude>
    <ClInclude Include="dependencies\gorilla-audio\ext\libvorbis\lib\scales.h">
      <Filter>Header Files\dependencies\gorilla-audio\ext</Filter>
    </ClInclude>
    <ClInclude Include="dependencies\gorilla-audio\ext\libvorbis\lib\modes\setup_8.h">
      <Filter>Header Files\dependencies\gorilla-audio\ext</Filter>
    </ClInclude>
    <ClInclude Include="dependencies\gorilla-audio\ext\libvorbis\lib\modes\setup_11.h">
      <Filter>Header Files\dependencies\gorilla-audio\ext</Filter>
    </ClInclude>
    <ClInclude Include="dependencies\gorilla-audio\ext\libvorbis\lib\modes\setup_16.h">
      <Filter>Header Files\dependencies\gorilla-audio\ext</Filter>
    </ClInclude>
    <ClInclude Include="dependencies\gorilla-audio\ext\libvorbis\lib\modes\setup_22.h">
      <Filter>Header Files\dependencies\gorilla-audio\ext</Filter>
    </ClInclude>
    <ClInclude Include="dependencies\gorilla-audio\ext\libvorbis\lib\modes\setup_32.h">
      <Filter>Header Files\dependencies\gorilla-audio\ext</Filter>
    </ClInclude>
    <ClInclude Include="dependencies\gorilla-audio\ext\libvorbis\lib\modes\setup_44.h">
      <Filter>Header Files\dependencies\gorilla-audio\ext</Filter>
    </ClInclude>
    <ClInclude Include="dependencies\gorilla-audio\ext\libvorbis\lib\modes\setup_44u.h">
      <Filter>Header Files\dependencies\gorilla-audio\ext</Filter>
    </ClInclude>
    <ClInclude Include="dependencies\gorilla-audio\ext\libvorbis\lib\modes\setup_X.h">
      <Filter>Header Files\dependencies\gorilla-audio\ext</Filter>
    </ClInclude>
    <ClInclude Include="dependencies\gorilla-audio\ext\libvorbis\lib\smallft.h">
      <Filter>Header Files\dependencies\gorilla-audio\ext</Filter>
    </ClInclude>
    <ClInclude Include="dependencies\gorilla-audio\ext\libvorbis\include\vorbis\vorbisenc.h">
      <Filter>Header Files\dependencies\gorilla-audio\ext</Filter>
    </ClInclude>
    <ClInclude Include="dependencies\gorilla-audio\ext\libvorbis\include\vorbis\vorbisfile.h">
      <Filter>Header Files\dependencies\gorilla-audio\ext</Filter>
    </ClInclude>
    <ClInclude Include="dependencies\gorilla-audio\ext\OpenAL\include\xram.h">
      <Filter>Header Files\dependencies\gorilla-audio\ext</Filter>
    </ClInclude>
    <ClInclude Include="src\audio\Sound.h">
      <Filter>Header Files</Filter>
    </ClInclude>
    <ClInclude Include="src\resources\Resources.h">
      <Filter>Header Files</Filter>
    </ClInclude>
    <ClInclude Include="src\Game.h">
      <Filter>Header Files</Filter>
    </ClInclude>
    <ClInclude Include="src\Parallax.h">
      <Filter>Header Files</Filter>
    </ClInclude>
    <ClInclude Include="ext\freetype\include\freetype\config\ftconfig.h">
      <Filter>Header Files</Filter>
    </ClInclude>
    <ClInclude Include="ext\freetype\include\freetype\config\ftheader.h">
      <Filter>Header Files</Filter>
    </ClInclude>
    <ClInclude Include="ext\freetype\include\freetype\config\ftmodule.h">
      <Filter>Header Files</Filter>
    </ClInclude>
    <ClInclude Include="ext\freetype\include\freetype\config\ftoption.h">
      <Filter>Header Files</Filter>
    </ClInclude>
    <ClInclude Include="ext\freetype\include\freetype\config\ftstdlib.h">
      <Filter>Header Files</Filter>
    </ClInclude>
    <ClInclude Include="ext\freetype\include\freetype\internal\services\svbdf.h">
      <Filter>Header Files</Filter>
    </ClInclude>
    <ClInclude Include="ext\freetype\include\freetype\internal\services\svcfftl.h">
      <Filter>Header Files</Filter>
    </ClInclude>
    <ClInclude Include="ext\freetype\include\freetype\internal\services\svcid.h">
      <Filter>Header Files</Filter>
    </ClInclude>
    <ClInclude Include="ext\freetype\include\freetype\internal\services\svfntfmt.h">
      <Filter>Header Files</Filter>
    </ClInclude>
    <ClInclude Include="ext\freetype\include\freetype\internal\services\svgldict.h">
      <Filter>Header Files</Filter>
    </ClInclude>
    <ClInclude Include="ext\freetype\include\freetype\internal\services\svgxval.h">
      <Filter>Header Files</Filter>
    </ClInclude>
    <ClInclude Include="ext\freetype\include\freetype\internal\services\svkern.h">
      <Filter>Header Files</Filter>
    </ClInclude>
    <ClInclude Include="ext\freetype\include\freetype\internal\services\svmetric.h">
      <Filter>Header Files</Filter>
    </ClInclude>
    <ClInclude Include="ext\freetype\include\freetype\internal\services\svmm.h">
      <Filter>Header Files</Filter>
    </ClInclude>
    <ClInclude Include="ext\freetype\include\freetype\internal\services\svotval.h">
      <Filter>Header Files</Filter>
    </ClInclude>
    <ClInclude Include="ext\freetype\include\freetype\internal\services\svpfr.h">
      <Filter>Header Files</Filter>
    </ClInclude>
    <ClInclude Include="ext\freetype\include\freetype\internal\services\svpostnm.h">
      <Filter>Header Files</Filter>
    </ClInclude>
    <ClInclude Include="ext\freetype\include\freetype\internal\services\svprop.h">
      <Filter>Header Files</Filter>
    </ClInclude>
    <ClInclude Include="ext\freetype\include\freetype\internal\services\svpscmap.h">
      <Filter>Header Files</Filter>
    </ClInclude>
    <ClInclude Include="ext\freetype\include\freetype\internal\services\svpsinfo.h">
      <Filter>Header Files</Filter>
    </ClInclude>
    <ClInclude Include="ext\freetype\include\freetype\internal\services\svsfnt.h">
      <Filter>Header Files</Filter>
    </ClInclude>
    <ClInclude Include="ext\freetype\include\freetype\internal\services\svttcmap.h">
      <Filter>Header Files</Filter>
    </ClInclude>
    <ClInclude Include="ext\freetype\include\freetype\internal\services\svtteng.h">
      <Filter>Header Files</Filter>
    </ClInclude>
    <ClInclude Include="ext\freetype\include\freetype\internal\services\svttglyf.h">
      <Filter>Header Files</Filter>
    </ClInclude>
    <ClInclude Include="ext\freetype\include\freetype\internal\services\svwinfnt.h">
      <Filter>Header Files</Filter>
    </ClInclude>
    <ClInclude Include="ext\freetype\include\freetype\internal\autohint.h">
      <Filter>Header Files</Filter>
    </ClInclude>
    <ClInclude Include="ext\freetype\include\freetype\internal\cffotypes.h">
      <Filter>Header Files</Filter>
    </ClInclude>
    <ClInclude Include="ext\freetype\include\freetype\internal\cfftypes.h">
      <Filter>Header Files</Filter>
    </ClInclude>
    <ClInclude Include="ext\freetype\include\freetype\internal\ftcalc.h">
      <Filter>Header Files</Filter>
    </ClInclude>
    <ClInclude Include="ext\freetype\include\freetype\internal\ftdebug.h">
      <Filter>Header Files</Filter>
    </ClInclude>
    <ClInclude Include="ext\freetype\include\freetype\internal\ftdrv.h">
      <Filter>Header Files</Filter>
    </ClInclude>
    <ClInclude Include="ext\freetype\include\freetype\internal\ftgloadr.h">
      <Filter>Header Files</Filter>
    </ClInclude>
    <ClInclude Include="ext\freetype\include\freetype\internal\fthash.h">
      <Filter>Header Files</Filter>
    </ClInclude>
    <ClInclude Include="ext\freetype\include\freetype\internal\ftmemory.h">
      <Filter>Header Files</Filter>
    </ClInclude>
    <ClInclude Include="ext\freetype\include\freetype\internal\ftobjs.h">
      <Filter>Header Files</Filter>
    </ClInclude>
    <ClInclude Include="ext\freetype\include\freetype\internal\ftpic.h">
      <Filter>Header Files</Filter>
    </ClInclude>
    <ClInclude Include="ext\freetype\include\freetype\internal\ftpsprop.h">
      <Filter>Header Files</Filter>
    </ClInclude>
    <ClInclude Include="ext\freetype\include\freetype\internal\ftrfork.h">
      <Filter>Header Files</Filter>
    </ClInclude>
    <ClInclude Include="ext\freetype\include\freetype\internal\ftserv.h">
      <Filter>Header Files</Filter>
    </ClInclude>
    <ClInclude Include="ext\freetype\include\freetype\internal\ftstream.h">
      <Filter>Header Files</Filter>
    </ClInclude>
    <ClInclude Include="ext\freetype\include\freetype\internal\fttrace.h">
      <Filter>Header Files</Filter>
    </ClInclude>
    <ClInclude Include="ext\freetype\include\freetype\internal\ftvalid.h">
      <Filter>Header Files</Filter>
    </ClInclude>
    <ClInclude Include="ext\freetype\include\freetype\internal\internal.h">
      <Filter>Header Files</Filter>
    </ClInclude>
    <ClInclude Include="ext\freetype\include\freetype\internal\psaux.h">
      <Filter>Header Files</Filter>
    </ClInclude>
    <ClInclude Include="ext\freetype\include\freetype\internal\pshints.h">
      <Filter>Header Files</Filter>
    </ClInclude>
    <ClInclude Include="ext\freetype\include\freetype\internal\sfnt.h">
      <Filter>Header Files</Filter>
    </ClInclude>
    <ClInclude Include="ext\freetype\include\freetype\internal\t1types.h">
      <Filter>Header Files</Filter>
    </ClInclude>
    <ClInclude Include="ext\freetype\include\freetype\internal\tttypes.h">
      <Filter>Header Files</Filter>
    </ClInclude>
    <ClInclude Include="ext\freetype\include\freetype\freetype.h">
      <Filter>Header Files</Filter>
    </ClInclude>
    <ClInclude Include="ext\freetype\include\freetype\ftadvanc.h">
      <Filter>Header Files</Filter>
    </ClInclude>
    <ClInclude Include="ext\freetype\include\freetype\ftbbox.h">
      <Filter>Header Files</Filter>
    </ClInclude>
    <ClInclude Include="ext\freetype\include\freetype\ftbdf.h">
      <Filter>Header Files</Filter>
    </ClInclude>
    <ClInclude Include="ext\freetype\include\freetype\ftbitmap.h">
      <Filter>Header Files</Filter>
    </ClInclude>
    <ClInclude Include="ext\freetype\include\freetype\ftbzip2.h">
      <Filter>Header Files</Filter>
    </ClInclude>
    <ClInclude Include="ext\freetype\include\freetype\ftcache.h">
      <Filter>Header Files</Filter>
    </ClInclude>
    <ClInclude Include="ext\freetype\include\freetype\ftchapters.h">
      <Filter>Header Files</Filter>
    </ClInclude>
    <ClInclude Include="ext\freetype\include\freetype\ftcid.h">
      <Filter>Header Files</Filter>
    </ClInclude>
    <ClInclude Include="ext\freetype\include\freetype\ftdriver.h">
      <Filter>Header Files</Filter>
    </ClInclude>
    <ClInclude Include="ext\freetype\include\freetype\fterrdef.h">
      <Filter>Header Files</Filter>
    </ClInclude>
    <ClInclude Include="ext\freetype\include\freetype\fterrors.h">
      <Filter>Header Files</Filter>
    </ClInclude>
    <ClInclude Include="ext\freetype\include\freetype\ftfntfmt.h">
      <Filter>Header Files</Filter>
    </ClInclude>
    <ClInclude Include="ext\freetype\include\freetype\ftgasp.h">
      <Filter>Header Files</Filter>
    </ClInclude>
    <ClInclude Include="ext\freetype\include\freetype\ftglyph.h">
      <Filter>Header Files</Filter>
    </ClInclude>
    <ClInclude Include="ext\freetype\include\freetype\ftgxval.h">
      <Filter>Header Files</Filter>
    </ClInclude>
    <ClInclude Include="ext\freetype\include\freetype\ftgzip.h">
      <Filter>Header Files</Filter>
    </ClInclude>
    <ClInclude Include="ext\freetype\include\freetype\ftimage.h">
      <Filter>Header Files</Filter>
    </ClInclude>
    <ClInclude Include="ext\freetype\include\freetype\ftincrem.h">
      <Filter>Header Files</Filter>
    </ClInclude>
    <ClInclude Include="ext\freetype\include\freetype\ftlcdfil.h">
      <Filter>Header Files</Filter>
    </ClInclude>
    <ClInclude Include="ext\freetype\include\freetype\ftlist.h">
      <Filter>Header Files</Filter>
    </ClInclude>
    <ClInclude Include="ext\freetype\include\freetype\ftlzw.h">
      <Filter>Header Files</Filter>
    </ClInclude>
    <ClInclude Include="ext\freetype\include\freetype\ftmac.h">
      <Filter>Header Files</Filter>
    </ClInclude>
    <ClInclude Include="ext\freetype\include\freetype\ftmm.h">
      <Filter>Header Files</Filter>
    </ClInclude>
    <ClInclude Include="ext\freetype\include\freetype\ftmodapi.h">
      <Filter>Header Files</Filter>
    </ClInclude>
    <ClInclude Include="ext\freetype\include\freetype\ftmoderr.h">
      <Filter>Header Files</Filter>
    </ClInclude>
    <ClInclude Include="ext\freetype\include\freetype\ftotval.h">
      <Filter>Header Files</Filter>
    </ClInclude>
    <ClInclude Include="ext\freetype\include\freetype\ftoutln.h">
      <Filter>Header Files</Filter>
    </ClInclude>
    <ClInclude Include="ext\freetype\include\freetype\ftparams.h">
      <Filter>Header Files</Filter>
    </ClInclude>
    <ClInclude Include="ext\freetype\include\freetype\ftpfr.h">
      <Filter>Header Files</Filter>
    </ClInclude>
    <ClInclude Include="ext\freetype\include\freetype\ftrender.h">
      <Filter>Header Files</Filter>
    </ClInclude>
    <ClInclude Include="ext\freetype\include\freetype\ftsizes.h">
      <Filter>Header Files</Filter>
    </ClInclude>
    <ClInclude Include="ext\freetype\include\freetype\ftsnames.h">
      <Filter>Header Files</Filter>
    </ClInclude>
    <ClInclude Include="ext\freetype\include\freetype\ftstroke.h">
      <Filter>Header Files</Filter>
    </ClInclude>
    <ClInclude Include="ext\freetype\include\freetype\ftsynth.h">
      <Filter>Header Files</Filter>
    </ClInclude>
    <ClInclude Include="ext\freetype\include\freetype\ftsystem.h">
      <Filter>Header Files</Filter>
    </ClInclude>
    <ClInclude Include="ext\freetype\include\freetype\fttrigon.h">
      <Filter>Header Files</Filter>
    </ClInclude>
    <ClInclude Include="ext\freetype\include\freetype\fttypes.h">
      <Filter>Header Files</Filter>
    </ClInclude>
    <ClInclude Include="ext\freetype\include\freetype\ftwinfnt.h">
      <Filter>Header Files</Filter>
    </ClInclude>
    <ClInclude Include="ext\freetype\include\freetype\t1tables.h">
      <Filter>Header Files</Filter>
    </ClInclude>
    <ClInclude Include="ext\freetype\include\freetype\ttnameid.h">
      <Filter>Header Files</Filter>
    </ClInclude>
    <ClInclude Include="ext\freetype\include\freetype\tttables.h">
      <Filter>Header Files</Filter>
    </ClInclude>
    <ClInclude Include="ext\freetype\include\freetype\tttags.h">
      <Filter>Header Files</Filter>
    </ClInclude>
    <ClInclude Include="ext\freetype\include\ft2build.h">
      <Filter>Header Files</Filter>
    </ClInclude>
    <ClInclude Include="ext\freetype\src\autofit\afangles.h">
      <Filter>Header Files</Filter>
    </ClInclude>
    <ClInclude Include="ext\freetype\src\autofit\afblue.h">
      <Filter>Header Files</Filter>
    </ClInclude>
    <ClInclude Include="ext\freetype\src\autofit\afcjk.h">
      <Filter>Header Files</Filter>
    </ClInclude>
    <ClInclude Include="ext\freetype\src\autofit\afcover.h">
      <Filter>Header Files</Filter>
    </ClInclude>
    <ClInclude Include="ext\freetype\src\autofit\afdummy.h">
      <Filter>Header Files</Filter>
    </ClInclude>
    <ClInclude Include="ext\freetype\src\autofit\aferrors.h">
      <Filter>Header Files</Filter>
    </ClInclude>
    <ClInclude Include="ext\freetype\src\autofit\afglobal.h">
      <Filter>Header Files</Filter>
    </ClInclude>
    <ClInclude Include="ext\freetype\src\autofit\afhints.h">
      <Filter>Header Files</Filter>
    </ClInclude>
    <ClInclude Include="ext\freetype\src\autofit\afindic.h">
      <Filter>Header Files</Filter>
    </ClInclude>
    <ClInclude Include="ext\freetype\src\autofit\aflatin.h">
      <Filter>Header Files</Filter>
    </ClInclude>
    <ClInclude Include="ext\freetype\src\autofit\aflatin2.h">
      <Filter>Header Files</Filter>
    </ClInclude>
    <ClInclude Include="ext\freetype\src\autofit\afloader.h">
      <Filter>Header Files</Filter>
    </ClInclude>
    <ClInclude Include="ext\freetype\src\autofit\afmodule.h">
      <Filter>Header Files</Filter>
    </ClInclude>
    <ClInclude Include="ext\freetype\src\autofit\afpic.h">
      <Filter>Header Files</Filter>
    </ClInclude>
    <ClInclude Include="ext\freetype\src\autofit\afranges.h">
      <Filter>Header Files</Filter>
    </ClInclude>
    <ClInclude Include="ext\freetype\src\autofit\afscript.h">
      <Filter>Header Files</Filter>
    </ClInclude>
    <ClInclude Include="ext\freetype\src\autofit\afshaper.h">
      <Filter>Header Files</Filter>
    </ClInclude>
    <ClInclude Include="ext\freetype\src\autofit\afstyles.h">
      <Filter>Header Files</Filter>
    </ClInclude>
    <ClInclude Include="ext\freetype\src\autofit\aftypes.h">
      <Filter>Header Files</Filter>
    </ClInclude>
    <ClInclude Include="ext\freetype\src\autofit\afwarp.h">
      <Filter>Header Files</Filter>
    </ClInclude>
    <ClInclude Include="ext\freetype\src\autofit\afwrtsys.h">
      <Filter>Header Files</Filter>
    </ClInclude>
    <ClInclude Include="ext\freetype\src\base\basepic.h">
      <Filter>Header Files</Filter>
    </ClInclude>
    <ClInclude Include="ext\freetype\src\base\ftbase.h">
      <Filter>Header Files</Filter>
    </ClInclude>
    <ClInclude Include="ext\freetype\src\base\md5.h">
      <Filter>Header Files</Filter>
    </ClInclude>
    <ClInclude Include="ext\freetype\src\bdf\bdf.h">
      <Filter>Header Files</Filter>
    </ClInclude>
    <ClInclude Include="ext\freetype\src\bdf\bdfdrivr.h">
      <Filter>Header Files</Filter>
    </ClInclude>
    <ClInclude Include="ext\freetype\src\bdf\bdferror.h">
      <Filter>Header Files</Filter>
    </ClInclude>
    <ClInclude Include="ext\freetype\src\cache\ftccache.h">
      <Filter>Header Files</Filter>
    </ClInclude>
    <ClInclude Include="ext\freetype\src\cache\ftccback.h">
      <Filter>Header Files</Filter>
    </ClInclude>
    <ClInclude Include="ext\freetype\src\cache\ftcerror.h">
      <Filter>Header Files</Filter>
    </ClInclude>
    <ClInclude Include="ext\freetype\src\cache\ftcglyph.h">
      <Filter>Header Files</Filter>
    </ClInclude>
    <ClInclude Include="ext\freetype\src\cache\ftcimage.h">
      <Filter>Header Files</Filter>
    </ClInclude>
    <ClInclude Include="ext\freetype\src\cache\ftcmanag.h">
      <Filter>Header Files</Filter>
    </ClInclude>
    <ClInclude Include="ext\freetype\src\cache\ftcmru.h">
      <Filter>Header Files</Filter>
    </ClInclude>
    <ClInclude Include="ext\freetype\src\cache\ftcsbits.h">
      <Filter>Header Files</Filter>
    </ClInclude>
    <ClInclude Include="ext\freetype\src\cff\cffcmap.h">
      <Filter>Header Files</Filter>
    </ClInclude>
    <ClInclude Include="ext\freetype\src\cff\cffdrivr.h">
      <Filter>Header Files</Filter>
    </ClInclude>
    <ClInclude Include="ext\freetype\src\cff\cfferrs.h">
      <Filter>Header Files</Filter>
    </ClInclude>
    <ClInclude Include="ext\freetype\src\cff\cffgload.h">
      <Filter>Header Files</Filter>
    </ClInclude>
    <ClInclude Include="ext\freetype\src\cff\cffload.h">
      <Filter>Header Files</Filter>
    </ClInclude>
    <ClInclude Include="ext\freetype\src\cff\cffobjs.h">
      <Filter>Header Files</Filter>
    </ClInclude>
    <ClInclude Include="ext\freetype\src\cff\cffparse.h">
      <Filter>Header Files</Filter>
    </ClInclude>
    <ClInclude Include="ext\freetype\src\cff\cffpic.h">
      <Filter>Header Files</Filter>
    </ClInclude>
    <ClInclude Include="ext\freetype\src\cff\cfftoken.h">
      <Filter>Header Files</Filter>
    </ClInclude>
    <ClInclude Include="ext\freetype\src\cid\ciderrs.h">
      <Filter>Header Files</Filter>
    </ClInclude>
    <ClInclude Include="ext\freetype\src\cid\cidgload.h">
      <Filter>Header Files</Filter>
    </ClInclude>
    <ClInclude Include="ext\freetype\src\cid\cidload.h">
      <Filter>Header Files</Filter>
    </ClInclude>
    <ClInclude Include="ext\freetype\src\cid\cidobjs.h">
      <Filter>Header Files</Filter>
    </ClInclude>
    <ClInclude Include="ext\freetype\src\cid\cidparse.h">
      <Filter>Header Files</Filter>
    </ClInclude>
    <ClInclude Include="ext\freetype\src\cid\cidriver.h">
      <Filter>Header Files</Filter>
    </ClInclude>
    <ClInclude Include="ext\freetype\src\cid\cidtoken.h">
      <Filter>Header Files</Filter>
    </ClInclude>
    <ClInclude Include="ext\freetype\src\gxvalid\gxvalid.h">
      <Filter>Header Files</Filter>
    </ClInclude>
    <ClInclude Include="ext\freetype\src\gxvalid\gxvcommn.h">
      <Filter>Header Files</Filter>
    </ClInclude>
    <ClInclude Include="ext\freetype\src\gxvalid\gxverror.h">
      <Filter>Header Files</Filter>
    </ClInclude>
    <ClInclude Include="ext\freetype\src\gxvalid\gxvfeat.h">
      <Filter>Header Files</Filter>
    </ClInclude>
    <ClInclude Include="ext\freetype\src\gxvalid\gxvmod.h">
      <Filter>Header Files</Filter>
    </ClInclude>
    <ClInclude Include="ext\freetype\src\gxvalid\gxvmort.h">
      <Filter>Header Files</Filter>
    </ClInclude>
    <ClInclude Include="ext\freetype\src\gxvalid\gxvmorx.h">
      <Filter>Header Files</Filter>
    </ClInclude>
    <ClInclude Include="ext\freetype\src\gzip\ftzconf.h">
      <Filter>Header Files</Filter>
    </ClInclude>
    <ClInclude Include="ext\freetype\src\gzip\infblock.h">
      <Filter>Header Files</Filter>
    </ClInclude>
    <ClInclude Include="ext\freetype\src\gzip\infcodes.h">
      <Filter>Header Files</Filter>
    </ClInclude>
    <ClInclude Include="ext\freetype\src\gzip\inffixed.h">
      <Filter>Header Files</Filter>
    </ClInclude>
    <ClInclude Include="ext\freetype\src\gzip\inftrees.h">
      <Filter>Header Files</Filter>
    </ClInclude>
    <ClInclude Include="ext\freetype\src\gzip\zlib.h">
      <Filter>Header Files</Filter>
    </ClInclude>
    <ClInclude Include="ext\freetype\src\gzip\zutil.h">
      <Filter>Header Files</Filter>
    </ClInclude>
    <ClInclude Include="ext\freetype\src\lzw\ftzopen.h">
      <Filter>Header Files</Filter>
    </ClInclude>
    <ClInclude Include="ext\freetype\src\otvalid\otvalid.h">
      <Filter>Header Files</Filter>
    </ClInclude>
    <ClInclude Include="ext\freetype\src\otvalid\otvcommn.h">
      <Filter>Header Files</Filter>
    </ClInclude>
    <ClInclude Include="ext\freetype\src\otvalid\otverror.h">
      <Filter>Header Files</Filter>
    </ClInclude>
    <ClInclude Include="ext\freetype\src\otvalid\otvgpos.h">
      <Filter>Header Files</Filter>
    </ClInclude>
    <ClInclude Include="ext\freetype\src\otvalid\otvmod.h">
      <Filter>Header Files</Filter>
    </ClInclude>
    <ClInclude Include="ext\freetype\src\pcf\pcf.h">
      <Filter>Header Files</Filter>
    </ClInclude>
    <ClInclude Include="ext\freetype\src\pcf\pcfdrivr.h">
      <Filter>Header Files</Filter>
    </ClInclude>
    <ClInclude Include="ext\freetype\src\pcf\pcferror.h">
      <Filter>Header Files</Filter>
    </ClInclude>
    <ClInclude Include="ext\freetype\src\pcf\pcfread.h">
      <Filter>Header Files</Filter>
    </ClInclude>
    <ClInclude Include="ext\freetype\src\pcf\pcfutil.h">
      <Filter>Header Files</Filter>
    </ClInclude>
    <ClInclude Include="ext\freetype\src\pfr\pfrcmap.h">
      <Filter>Header Files</Filter>
    </ClInclude>
    <ClInclude Include="ext\freetype\src\pfr\pfrdrivr.h">
      <Filter>Header Files</Filter>
    </ClInclude>
    <ClInclude Include="ext\freetype\src\pfr\pfrerror.h">
      <Filter>Header Files</Filter>
    </ClInclude>
    <ClInclude Include="ext\freetype\src\pfr\pfrgload.h">
      <Filter>Header Files</Filter>
    </ClInclude>
    <ClInclude Include="ext\freetype\src\pfr\pfrload.h">
      <Filter>Header Files</Filter>
    </ClInclude>
    <ClInclude Include="ext\freetype\src\pfr\pfrobjs.h">
      <Filter>Header Files</Filter>
    </ClInclude>
    <ClInclude Include="ext\freetype\src\pfr\pfrsbit.h">
      <Filter>Header Files</Filter>
    </ClInclude>
    <ClInclude Include="ext\freetype\src\pfr\pfrtypes.h">
      <Filter>Header Files</Filter>
    </ClInclude>
    <ClInclude Include="ext\freetype\src\psaux\afmparse.h">
      <Filter>Header Files</Filter>
    </ClInclude>
    <ClInclude Include="ext\freetype\src\psaux\cffdecode.h">
      <Filter>Header Files</Filter>
    </ClInclude>
    <ClInclude Include="ext\freetype\src\psaux\psarrst.h">
      <Filter>Header Files</Filter>
    </ClInclude>
    <ClInclude Include="ext\freetype\src\psaux\psauxerr.h">
      <Filter>Header Files</Filter>
    </ClInclude>
    <ClInclude Include="ext\freetype\src\psaux\psauxmod.h">
      <Filter>Header Files</Filter>
    </ClInclude>
    <ClInclude Include="ext\freetype\src\psaux\psblues.h">
      <Filter>Header Files</Filter>
    </ClInclude>
    <ClInclude Include="ext\freetype\src\psaux\psconv.h">
      <Filter>Header Files</Filter>
    </ClInclude>
    <ClInclude Include="ext\freetype\src\psaux\pserror.h">
      <Filter>Header Files</Filter>
    </ClInclude>
    <ClInclude Include="ext\freetype\src\psaux\psfixed.h">
      <Filter>Header Files</Filter>
    </ClInclude>
    <ClInclude Include="ext\freetype\src\psaux\psfont.h">
      <Filter>Header Files</Filter>
    </ClInclude>
    <ClInclude Include="ext\freetype\src\psaux\psft.h">
      <Filter>Header Files</Filter>
    </ClInclude>
    <ClInclude Include="ext\freetype\src\psaux\psglue.h">
      <Filter>Header Files</Filter>
    </ClInclude>
    <ClInclude Include="ext\freetype\src\psaux\pshints.h">
      <Filter>Header Files</Filter>
    </ClInclude>
    <ClInclude Include="ext\freetype\src\psaux\psintrp.h">
      <Filter>Header Files</Filter>
    </ClInclude>
    <ClInclude Include="ext\freetype\src\psaux\psobjs.h">
      <Filter>Header Files</Filter>
    </ClInclude>
    <ClInclude Include="ext\freetype\src\psaux\psread.h">
      <Filter>Header Files</Filter>
    </ClInclude>
    <ClInclude Include="ext\freetype\src\psaux\psstack.h">
      <Filter>Header Files</Filter>
    </ClInclude>
    <ClInclude Include="ext\freetype\src\psaux\pstypes.h">
      <Filter>Header Files</Filter>
    </ClInclude>
    <ClInclude Include="ext\freetype\src\psaux\t1cmap.h">
      <Filter>Header Files</Filter>
    </ClInclude>
    <ClInclude Include="ext\freetype\src\psaux\t1decode.h">
      <Filter>Header Files</Filter>
    </ClInclude>
    <ClInclude Include="ext\freetype\src\pshinter\pshalgo.h">
      <Filter>Header Files</Filter>
    </ClInclude>
    <ClInclude Include="ext\freetype\src\pshinter\pshglob.h">
      <Filter>Header Files</Filter>
    </ClInclude>
    <ClInclude Include="ext\freetype\src\pshinter\pshmod.h">
      <Filter>Header Files</Filter>
    </ClInclude>
    <ClInclude Include="ext\freetype\src\pshinter\pshnterr.h">
      <Filter>Header Files</Filter>
    </ClInclude>
    <ClInclude Include="ext\freetype\src\pshinter\pshpic.h">
      <Filter>Header Files</Filter>
    </ClInclude>
    <ClInclude Include="ext\freetype\src\pshinter\pshrec.h">
      <Filter>Header Files</Filter>
    </ClInclude>
    <ClInclude Include="ext\freetype\src\psnames\psmodule.h">
      <Filter>Header Files</Filter>
    </ClInclude>
    <ClInclude Include="ext\freetype\src\psnames\psnamerr.h">
      <Filter>Header Files</Filter>
    </ClInclude>
    <ClInclude Include="ext\freetype\src\psnames\pspic.h">
      <Filter>Header Files</Filter>
    </ClInclude>
    <ClInclude Include="ext\freetype\src\psnames\pstables.h">
      <Filter>Header Files</Filter>
    </ClInclude>
    <ClInclude Include="ext\freetype\src\raster\ftmisc.h">
      <Filter>Header Files</Filter>
    </ClInclude>
    <ClInclude Include="ext\freetype\src\raster\ftraster.h">
      <Filter>Header Files</Filter>
    </ClInclude>
    <ClInclude Include="ext\freetype\src\raster\ftrend1.h">
      <Filter>Header Files</Filter>
    </ClInclude>
    <ClInclude Include="ext\freetype\src\raster\rasterrs.h">
      <Filter>Header Files</Filter>
    </ClInclude>
    <ClInclude Include="ext\freetype\src\raster\rastpic.h">
      <Filter>Header Files</Filter>
    </ClInclude>
    <ClInclude Include="ext\freetype\src\sfnt\pngshim.h">
      <Filter>Header Files</Filter>
    </ClInclude>
    <ClInclude Include="ext\freetype\src\sfnt\sfdriver.h">
      <Filter>Header Files</Filter>
    </ClInclude>
    <ClInclude Include="ext\freetype\src\sfnt\sferrors.h">
      <Filter>Header Files</Filter>
    </ClInclude>
    <ClInclude Include="ext\freetype\src\sfnt\sfntpic.h">
      <Filter>Header Files</Filter>
    </ClInclude>
    <ClInclude Include="ext\freetype\src\sfnt\sfobjs.h">
      <Filter>Header Files</Filter>
    </ClInclude>
    <ClInclude Include="ext\freetype\src\sfnt\ttbdf.h">
      <Filter>Header Files</Filter>
    </ClInclude>
    <ClInclude Include="ext\freetype\src\sfnt\ttcmap.h">
      <Filter>Header Files</Filter>
    </ClInclude>
    <ClInclude Include="ext\freetype\src\sfnt\ttcmapc.h">
      <Filter>Header Files</Filter>
    </ClInclude>
    <ClInclude Include="ext\freetype\src\sfnt\ttkern.h">
      <Filter>Header Files</Filter>
    </ClInclude>
    <ClInclude Include="ext\freetype\src\sfnt\ttload.h">
      <Filter>Header Files</Filter>
    </ClInclude>
    <ClInclude Include="ext\freetype\src\sfnt\ttmtx.h">
      <Filter>Header Files</Filter>
    </ClInclude>
    <ClInclude Include="ext\freetype\src\sfnt\ttpost.h">
      <Filter>Header Files</Filter>
    </ClInclude>
    <ClInclude Include="ext\freetype\src\sfnt\ttsbit.h">
      <Filter>Header Files</Filter>
    </ClInclude>
    <ClInclude Include="ext\freetype\src\smooth\ftgrays.h">
      <Filter>Header Files</Filter>
    </ClInclude>
    <ClInclude Include="ext\freetype\src\smooth\ftsmerrs.h">
      <Filter>Header Files</Filter>
    </ClInclude>
    <ClInclude Include="ext\freetype\src\smooth\ftsmooth.h">
      <Filter>Header Files</Filter>
    </ClInclude>
    <ClInclude Include="ext\freetype\src\smooth\ftspic.h">
      <Filter>Header Files</Filter>
    </ClInclude>
    <ClInclude Include="ext\freetype\src\truetype\ttdriver.h">
      <Filter>Header Files</Filter>
    </ClInclude>
    <ClInclude Include="ext\freetype\src\truetype\tterrors.h">
      <Filter>Header Files</Filter>
    </ClInclude>
    <ClInclude Include="ext\freetype\src\truetype\ttgload.h">
      <Filter>Header Files</Filter>
    </ClInclude>
    <ClInclude Include="ext\freetype\src\truetype\ttgxvar.h">
      <Filter>Header Files</Filter>
    </ClInclude>
    <ClInclude Include="ext\freetype\src\truetype\ttinterp.h">
      <Filter>Header Files</Filter>
    </ClInclude>
    <ClInclude Include="ext\freetype\src\truetype\ttobjs.h">
      <Filter>Header Files</Filter>
    </ClInclude>
    <ClInclude Include="ext\freetype\src\truetype\ttpic.h">
      <Filter>Header Files</Filter>
    </ClInclude>
    <ClInclude Include="ext\freetype\src\truetype\ttpload.h">
      <Filter>Header Files</Filter>
    </ClInclude>
    <ClInclude Include="ext\freetype\src\truetype\ttsubpix.h">
      <Filter>Header Files</Filter>
    </ClInclude>
    <ClInclude Include="ext\freetype\src\type1\t1afm.h">
      <Filter>Header Files</Filter>
    </ClInclude>
    <ClInclude Include="ext\freetype\src\type1\t1driver.h">
      <Filter>Header Files</Filter>
    </ClInclude>
    <ClInclude Include="ext\freetype\src\type1\t1errors.h">
      <Filter>Header Files</Filter>
    </ClInclude>
    <ClInclude Include="ext\freetype\src\type1\t1gload.h">
      <Filter>Header Files</Filter>
    </ClInclude>
    <ClInclude Include="ext\freetype\src\type1\t1load.h">
      <Filter>Header Files</Filter>
    </ClInclude>
    <ClInclude Include="ext\freetype\src\type1\t1objs.h">
      <Filter>Header Files</Filter>
    </ClInclude>
    <ClInclude Include="ext\freetype\src\type1\t1parse.h">
      <Filter>Header Files</Filter>
    </ClInclude>
    <ClInclude Include="ext\freetype\src\type1\t1tokens.h">
      <Filter>Header Files</Filter>
    </ClInclude>
    <ClInclude Include="ext\freetype\src\type42\t42drivr.h">
      <Filter>Header Files</Filter>
    </ClInclude>
    <ClInclude Include="ext\freetype\src\type42\t42error.h">
      <Filter>Header Files</Filter>
    </ClInclude>
    <ClInclude Include="ext\freetype\src\type42\t42objs.h">
      <Filter>Header Files</Filter>
    </ClInclude>
    <ClInclude Include="ext\freetype\src\type42\t42parse.h">
      <Filter>Header Files</Filter>
    </ClInclude>
    <ClInclude Include="ext\freetype\src\type42\t42types.h">
      <Filter>Header Files</Filter>
    </ClInclude>
    <ClInclude Include="ext\freetype\src\winfonts\fnterrs.h">
      <Filter>Header Files</Filter>
    </ClInclude>
    <ClInclude Include="ext\freetype\src\winfonts\winfnt.h">
      <Filter>Header Files</Filter>
    </ClInclude>
    <ClInclude Include="ext\gorilla-audio\common\gc_common.h">
      <Filter>Header Files</Filter>
    </ClInclude>
    <ClInclude Include="ext\gorilla-audio\common\gc_thread.h">
      <Filter>Header Files</Filter>
    </ClInclude>
    <ClInclude Include="ext\gorilla-audio\common\gc_types.h">
      <Filter>Header Files</Filter>
    </ClInclude>
    <ClInclude Include="ext\gorilla-audio\devices\ga_openal.h">
      <Filter>Header Files</Filter>
    </ClInclude>
    <ClInclude Include="ext\gorilla-audio\ext\libogg\include\ogg\config_types.h">
      <Filter>Header Files</Filter>
    </ClInclude>
    <ClInclude Include="ext\gorilla-audio\ext\libogg\include\ogg\ogg.h">
      <Filter>Header Files</Filter>
    </ClInclude>
    <ClInclude Include="ext\gorilla-audio\ext\libogg\include\ogg\os_types.h">
      <Filter>Header Files</Filter>
    </ClInclude>
    <ClInclude Include="ext\gorilla-audio\ext\libvorbis\include\vorbis\codec.h">
      <Filter>Header Files</Filter>
    </ClInclude>
    <ClInclude Include="ext\gorilla-audio\ext\libvorbis\include\vorbis\vorbisenc.h">
      <Filter>Header Files</Filter>
    </ClInclude>
    <ClInclude Include="ext\gorilla-audio\ext\libvorbis\include\vorbis\vorbisfile.h">
      <Filter>Header Files</Filter>
    </ClInclude>
    <ClInclude Include="ext\gorilla-audio\ext\libvorbis\lib\books\coupled\res_books_51.h">
      <Filter>Header Files</Filter>
    </ClInclude>
    <ClInclude Include="ext\gorilla-audio\ext\libvorbis\lib\books\coupled\res_books_stereo.h">
      <Filter>Header Files</Filter>
    </ClInclude>
    <ClInclude Include="ext\gorilla-audio\ext\libvorbis\lib\books\floor\floor_books.h">
      <Filter>Header Files</Filter>
    </ClInclude>
    <ClInclude Include="ext\gorilla-audio\ext\libvorbis\lib\books\uncoupled\res_books_uncoupled.h">
      <Filter>Header Files</Filter>
    </ClInclude>
    <ClInclude Include="ext\gorilla-audio\ext\libvorbis\lib\modes\floor_all.h">
      <Filter>Header Files</Filter>
    </ClInclude>
    <ClInclude Include="ext\gorilla-audio\ext\libvorbis\lib\modes\psych_8.h">
      <Filter>Header Files</Filter>
    </ClInclude>
    <ClInclude Include="ext\gorilla-audio\ext\libvorbis\lib\modes\psych_11.h">
      <Filter>Header Files</Filter>
    </ClInclude>
    <ClInclude Include="ext\gorilla-audio\ext\libvorbis\lib\modes\psych_16.h">
      <Filter>Header Files</Filter>
    </ClInclude>
    <ClInclude Include="ext\gorilla-audio\ext\libvorbis\lib\modes\psych_44.h">
      <Filter>Header Files</Filter>
    </ClInclude>
    <ClInclude Include="ext\gorilla-audio\ext\libvorbis\lib\modes\residue_8.h">
      <Filter>Header Files</Filter>
    </ClInclude>
    <ClInclude Include="ext\gorilla-audio\ext\libvorbis\lib\modes\residue_16.h">
      <Filter>Header Files</Filter>
    </ClInclude>
    <ClInclude Include="ext\gorilla-audio\ext\libvorbis\lib\modes\residue_44.h">
      <Filter>Header Files</Filter>
    </ClInclude>
    <ClInclude Include="ext\gorilla-audio\ext\libvorbis\lib\modes\residue_44p51.h">
      <Filter>Header Files</Filter>
    </ClInclude>
    <ClInclude Include="ext\gorilla-audio\ext\libvorbis\lib\modes\residue_44u.h">
      <Filter>Header Files</Filter>
    </ClInclude>
    <ClInclude Include="ext\gorilla-audio\ext\libvorbis\lib\modes\setup_8.h">
      <Filter>Header Files</Filter>
    </ClInclude>
    <ClInclude Include="ext\gorilla-audio\ext\libvorbis\lib\modes\setup_11.h">
      <Filter>Header Files</Filter>
    </ClInclude>
    <ClInclude Include="ext\gorilla-audio\ext\libvorbis\lib\modes\setup_16.h">
      <Filter>Header Files</Filter>
    </ClInclude>
    <ClInclude Include="ext\gorilla-audio\ext\libvorbis\lib\modes\setup_22.h">
      <Filter>Header Files</Filter>
    </ClInclude>
    <ClInclude Include="ext\gorilla-audio\ext\libvorbis\lib\modes\setup_32.h">
      <Filter>Header Files</Filter>
    </ClInclude>
    <ClInclude Include="ext\gorilla-audio\ext\libvorbis\lib\modes\setup_44.h">
      <Filter>Header Files</Filter>
    </ClInclude>
    <ClInclude Include="ext\gorilla-audio\ext\libvorbis\lib\modes\setup_44p51.h">
      <Filter>Header Files</Filter>
    </ClInclude>
    <ClInclude Include="ext\gorilla-audio\ext\libvorbis\lib\modes\setup_44u.h">
      <Filter>Header Files</Filter>
    </ClInclude>
    <ClInclude Include="ext\gorilla-audio\ext\libvorbis\lib\modes\setup_X.h">
      <Filter>Header Files</Filter>
    </ClInclude>
    <ClInclude Include="ext\gorilla-audio\ext\libvorbis\lib\backends.h">
      <Filter>Header Files</Filter>
    </ClInclude>
    <ClInclude Include="ext\gorilla-audio\ext\libvorbis\lib\bitrate.h">
      <Filter>Header Files</Filter>
    </ClInclude>
    <ClInclude Include="ext\gorilla-audio\ext\libvorbis\lib\codebook.h">
      <Filter>Header Files</Filter>
    </ClInclude>
    <ClInclude Include="ext\gorilla-audio\ext\libvorbis\lib\codec_internal.h">
      <Filter>Header Files</Filter>
    </ClInclude>
    <ClInclude Include="ext\gorilla-audio\ext\libvorbis\lib\envelope.h">
      <Filter>Header Files</Filter>
    </ClInclude>
    <ClInclude Include="ext\gorilla-audio\ext\libvorbis\lib\highlevel.h">
      <Filter>Header Files</Filter>
    </ClInclude>
    <ClInclude Include="ext\gorilla-audio\ext\libvorbis\lib\lookup.h">
      <Filter>Header Files</Filter>
    </ClInclude>
    <ClInclude Include="ext\gorilla-audio\ext\libvorbis\lib\lookup_data.h">
      <Filter>Header Files</Filter>
    </ClInclude>
    <ClInclude Include="ext\gorilla-audio\ext\libvorbis\lib\lpc.h">
      <Filter>Header Files</Filter>
    </ClInclude>
    <ClInclude Include="ext\gorilla-audio\ext\libvorbis\lib\lsp.h">
      <Filter>Header Files</Filter>
    </ClInclude>
    <ClInclude Include="ext\gorilla-audio\ext\libvorbis\lib\masking.h">
      <Filter>Header Files</Filter>
    </ClInclude>
    <ClInclude Include="ext\gorilla-audio\ext\libvorbis\lib\mdct.h">
      <Filter>Header Files</Filter>
    </ClInclude>
    <ClInclude Include="ext\gorilla-audio\ext\libvorbis\lib\misc.h">
      <Filter>Header Files</Filter>
    </ClInclude>
    <ClInclude Include="ext\gorilla-audio\ext\libvorbis\lib\os.h">
      <Filter>Header Files</Filter>
    </ClInclude>
    <ClInclude Include="ext\gorilla-audio\ext\libvorbis\lib\registry.h">
      <Filter>Header Files</Filter>
    </ClInclude>
    <ClInclude Include="ext\gorilla-audio\ext\libvorbis\lib\scales.h">
      <Filter>Header Files</Filter>
    </ClInclude>
    <ClInclude Include="ext\gorilla-audio\ext\libvorbis\lib\smallft.h">
      <Filter>Header Files</Filter>
    </ClInclude>
    <ClInclude Include="ext\gorilla-audio\ext\libvorbis\lib\window.h">
      <Filter>Header Files</Filter>
    </ClInclude>
    <ClInclude Include="ext\gorilla-audio\ext\OpenAL\include\al.h">
      <Filter>Header Files</Filter>
    </ClInclude>
    <ClInclude Include="ext\gorilla-audio\ext\OpenAL\include\alc.h">
      <Filter>Header Files</Filter>
    </ClInclude>
    <ClInclude Include="ext\gorilla-audio\ext\OpenAL\include\efx.h">
      <Filter>Header Files</Filter>
    </ClInclude>
    <ClInclude Include="ext\gorilla-audio\ext\OpenAL\include\efx-creative.h">
      <Filter>Header Files</Filter>
    </ClInclude>
    <ClInclude Include="ext\gorilla-audio\ext\OpenAL\include\EFX-Util.h">
      <Filter>Header Files</Filter>
    </ClInclude>
    <ClInclude Include="ext\gorilla-audio\ext\OpenAL\include\xram.h">
      <Filter>Header Files</Filter>
    </ClInclude>
    <ClInclude Include="ext\gorilla-audio\ga.h">
      <Filter>Header Files</Filter>
    </ClInclude>
    <ClInclude Include="ext\gorilla-audio\ga_internal.h">
      <Filter>Header Files</Filter>
    </ClInclude>
    <ClInclude Include="ext\gorilla-audio\gau.h">
      <Filter>Header Files</Filter>
    </ClInclude>
  </ItemGroup>
</Project>