<?xml version="1.0" encoding="utf-8"?>
<Project ToolsVersion="4.0" xmlns="http://schemas.microsoft.com/developer/msbuild/2003">
  <ItemGroup>
    <Filter Include="Source Files">
      <UniqueIdentifier>{4FC737F1-C7A5-4376-A066-2A32D752A2FF}</UniqueIdentifier>
      <Extensions>cpp;c;cc;cxx;def;odl;idl;hpj;bat;asm;asmx</Extensions>
    </Filter>
    <Filter Include="Header Files">
      <UniqueIdentifier>{93995380-89BD-4b04-88EB-625FBE52EBFB}</UniqueIdentifier>
      <Extensions>h;hh;hpp;hxx;hm;inl;inc;ipp;xsd</Extensions>
    </Filter>
    <Filter Include="Resource Files">
      <UniqueIdentifier>{67DA6AB6-F800-4c08-8B7A-83BB121AAD01}</UniqueIdentifier>
      <Extensions>rc;ico;cur;bmp;dlg;rc2;rct;bin;rgs;gif;jpg;jpeg;jpe;resx;tiff;tif;png;wav;mfcribbon-ms</Extensions>
    </Filter>
    <Filter Include="Header Files\GLEW">
      <UniqueIdentifier>{2598462a-a354-479f-8253-2f0bfaa8ac71}</UniqueIdentifier>
    </Filter>
    <Filter Include="Header Files\GLFW">
      <UniqueIdentifier>{c3cec8d3-a761-41d5-a32e-ff957f586354}</UniqueIdentifier>
    </Filter>
    <Filter Include="Header Files\FTGL">
      <UniqueIdentifier>{8d0322f7-768c-46e9-b1f6-c9c4288041f2}</UniqueIdentifier>
    </Filter>
    <Filter Include="Source Files\FTGL">
      <UniqueIdentifier>{0abf87a1-cc8b-4ab0-b40c-d76f75e21279}</UniqueIdentifier>
    </Filter>
  </ItemGroup>
  <ItemGroup>
    <ClCompile Include="src\resources\FileReader.cpp">
      <Filter>Source Files</Filter>
    </ClCompile>
    <ClCompile Include="src\shading\Shader.cpp">
      <Filter>Source Files</Filter>
    </ClCompile>
    <ClCompile Include="src\renderer\renderable\Renderable2D.cpp">
      <Filter>Source Files</Filter>
    </ClCompile>
    <ClCompile Include="src\renderer\renderable\Sprite.cpp">
      <Filter>Source Files</Filter>
    </ClCompile>
    <ClCompile Include="src\renderer\renderable\Label.cpp">
      <Filter>Source Files</Filter>
    </ClCompile>
    <ClCompile Include="src\Fonts\Font.cpp">
      <Filter>Source Files</Filter>
    </ClCompile>
    <ClCompile Include="src\window\Window.cpp">
      <Filter>Source Files</Filter>
    </ClCompile>
    <ClCompile Include="src\audio\Sound.cpp">
      <Filter>Source Files</Filter>
    </ClCompile>
    <ClCompile Include="src\textures\Texture.cpp">
      <Filter>Source Files</Filter>
    </ClCompile>
    <ClCompile Include="src\textures\TextureAtlas.cpp">
      <Filter>Source Files</Filter>
    </ClCompile>
    <ClCompile Include="src\resources\ImageLoader.cpp">
      <Filter>Source Files</Filter>
    </ClCompile>
    <ClCompile Include="src\ext\ftgl\vector.c">
      <Filter>Source Files\FTGL</Filter>
    </ClCompile>
    <ClCompile Include="src\ext\ftgl\texture-atlas.c">
      <Filter>Source Files\FTGL</Filter>
    </ClCompile>
    <ClCompile Include="src\textures\SpriteSheet.cpp">
      <Filter>Source Files</Filter>
    </ClCompile>
    <ClCompile Include="src\shading\ShaderManager.cpp">
      <Filter>Source Files</Filter>
    </ClCompile>
    <ClCompile Include="src\scene\SpriteNode.cpp">
      <Filter>Source Files</Filter>
    </ClCompile>
    <ClCompile Include="src\scene\Scene.cpp">
      <Filter>Source Files</Filter>
    </ClCompile>
    <ClCompile Include="src\utils\StringUtils.cpp">
      <Filter>Source Files</Filter>
    </ClCompile>
    <ClCompile Include="src\scene\LabelNode.cpp">
      <Filter>Source Files</Filter>
    </ClCompile>
    <ClCompile Include="src\renderer\ForwardRenderer2D.cpp">
      <Filter>Source Files</Filter>
    </ClCompile>
    <ClCompile Include="src\camera\Camera2D.cpp">
      <Filter>Source Files</Filter>
    </ClCompile>
    <ClCompile Include="src\scene\Layer.cpp">
      <Filter>Source Files</Filter>
    </ClCompile>
    <ClCompile Include="src\scene\AnimatedSpriteNode.cpp">
      <Filter>Source Files</Filter>
    </ClCompile>
    <ClCompile Include="src\scene\components\TransformComponent2D.cpp">
      <Filter>Source Files</Filter>
    </ClCompile>
    <ClCompile Include="src\scene\Node.cpp">
      <Filter>Source Files</Filter>
    </ClCompile>
    <ClCompile Include="src\scene\Director.cpp">
      <Filter>Source Files</Filter>
    </ClCompile>
    <ClCompile Include="src\textures\TextureBase.cpp">
      <Filter>Source Files</Filter>
    </ClCompile>
    <ClCompile Include="src\Fonts\FontManager.cpp">
      <Filter>Source Files</Filter>
    </ClCompile>
    <ClCompile Include="src\renderer\renderable\AnimatedSprite.cpp">
      <Filter>Source Files</Filter>
    </ClCompile>
    <ClCompile Include="src\Application\Application.cpp">
      <Filter>Source Files</Filter>
    </ClCompile>
    <ClCompile Include="src\ext\imgui\imgui.cpp">
      <Filter>Source Files</Filter>
    </ClCompile>
    <ClCompile Include="src\ext\imgui\imgui_demo.cpp">
      <Filter>Source Files</Filter>
    </ClCompile>
    <ClCompile Include="src\ext\imgui\imgui_draw.cpp">
      <Filter>Source Files</Filter>
    </ClCompile>
    <ClCompile Include="src\ext\imgui\imgui_impl_glfw.cpp">
      <Filter>Source Files</Filter>
    </ClCompile>
    <ClCompile Include="src\ext\imgui\imgui_impl_opengl3.cpp">
      <Filter>Source Files</Filter>
    </ClCompile>
    <ClCompile Include="src\ext\imgui\imgui_widgets.cpp">
      <Filter>Source Files</Filter>
    </ClCompile>
    <ClCompile Include="src\renderer\light\Light2D.cpp">
      <Filter>Source Files</Filter>
    </ClCompile>
    <ClCompile Include="src\utils\imgui_widgets\ToggleButton.cpp">
      <Filter>Source Files</Filter>
    </ClCompile>
    <ClCompile Include="src\utils\imgui_widgets\SliderFloat.cpp">
      <Filter>Source Files</Filter>
    </ClCompile>
    <ClCompile Include="src\utils\imgui_widgets\SliderInt.cpp">
      <Filter>Source Files</Filter>
    </ClCompile>
    <ClCompile Include="src\renderer\API\FrameBuffer.cpp">
      <Filter>Source Files</Filter>
    </ClCompile>
    <ClCompile Include="src\renderer\API\IndexBuffer.cpp">
      <Filter>Source Files</Filter>
    </ClCompile>
    <ClCompile Include="src\renderer\API\VertexBuffer.cpp">
      <Filter>Source Files</Filter>
    </ClCompile>
    <ClCompile Include="src\renderer\DefferedRenderer2D.cpp">
      <Filter>Source Files</Filter>
    </ClCompile>
    <ClCompile Include="src\ext\imgui\imgui_node_graph_test.h">
      <Filter>Source Files</Filter>
    </ClCompile>
    <ClCompile Include="src\renderer\API\UniformBuffer.cpp">
      <Filter>Source Files</Filter>
    </ClCompile>
  </ItemGroup>
  <ItemGroup>
    <ClInclude Include="src\resources\fonts\Font.h">
      <Filter>Header Files</Filter>
    </ClInclude>
    <ClInclude Include="src\utils\error_handling\FTErrorHandler.h">
      <Filter>Header Files</Filter>
    </ClInclude>
    <ClInclude Include="src\utils\error_handling\ErrorHandler.h">
      <Filter>Header Files</Filter>
    </ClInclude>
    <ClInclude Include="src\utils\timing\SimpleTimer.h">
      <Filter>Header Files</Filter>
    </ClInclude>
    <ClInclude Include="src\utils\timing\ScopedTimer.h">
      <Filter>Header Files</Filter>
    </ClInclude>
    <ClInclude Include="src\utils\error_handling\GLErrorHandler.h">
      <Filter>Header Files</Filter>
    </ClInclude>
    <ClInclude Include="src\audio\AudioEngine.h">
      <Filter>Header Files</Filter>
    </ClInclude>
    <ClInclude Include="src\audio\Sound.h">
      <Filter>Header Files</Filter>
    </ClInclude>
    <ClInclude Include="src\camera\Camera2D.h">
      <Filter>Header Files</Filter>
    </ClInclude>
    <ClInclude Include="src\Fonts\DefaultFont.h">
      <Filter>Header Files</Filter>
    </ClInclude>
    <ClInclude Include="src\Fonts\Font.h">
      <Filter>Header Files</Filter>
    </ClInclude>
    <ClInclude Include="src\Fonts\FontManager.h">
      <Filter>Header Files</Filter>
    </ClInclude>
    <ClInclude Include="src\renderer\renderable\AnimatedSprite.h">
      <Filter>Header Files</Filter>
    </ClInclude>
    <ClInclude Include="src\renderer\renderable\Label.h">
      <Filter>Header Files</Filter>
    </ClInclude>
    <ClInclude Include="src\renderer\renderable\Renderable2D.h">
      <Filter>Header Files</Filter>
    </ClInclude>
    <ClInclude Include="src\renderer\renderable\Sprite.h">
      <Filter>Header Files</Filter>
    </ClInclude>
    <ClInclude Include="src\renderer\ForwardRenderer2D.h">
      <Filter>Header Files</Filter>
    </ClInclude>
    <ClInclude Include="src\renderer\Renderer2D.h">
      <Filter>Header Files</Filter>
    </ClInclude>
    <ClInclude Include="src\resources\FileReader.h">
      <Filter>Header Files</Filter>
    </ClInclude>
    <ClInclude Include="src\resources\ImageLoader.h">
      <Filter>Header Files</Filter>
    </ClInclude>
    <ClInclude Include="src\resources\Resource.h">
      <Filter>Header Files</Filter>
    </ClInclude>
    <ClInclude Include="src\resources\ResourceHandler.h">
      <Filter>Header Files</Filter>
    </ClInclude>
    <ClInclude Include="src\resources\ResourceManager.h">
      <Filter>Header Files</Filter>
    </ClInclude>
    <ClInclude Include="src\scene\components\TransformComponent2D.h">
      <Filter>Header Files</Filter>
    </ClInclude>
    <ClInclude Include="src\scene\AnimatedSpriteNode.h">
      <Filter>Header Files</Filter>
    </ClInclude>
    <ClInclude Include="src\scene\Director.h">
      <Filter>Header Files</Filter>
    </ClInclude>
    <ClInclude Include="src\scene\Group.h">
      <Filter>Header Files</Filter>
    </ClInclude>
    <ClInclude Include="src\scene\LabelNode.h">
      <Filter>Header Files</Filter>
    </ClInclude>
    <ClInclude Include="src\scene\Layer.h">
      <Filter>Header Files</Filter>
    </ClInclude>
    <ClInclude Include="src\scene\Node.h">
      <Filter>Header Files</Filter>
    </ClInclude>
    <ClInclude Include="src\scene\Scene.h">
      <Filter>Header Files</Filter>
    </ClInclude>
    <ClInclude Include="src\scene\SpriteNode.h">
      <Filter>Header Files</Filter>
    </ClInclude>
    <ClInclude Include="src\shading\Shader.h">
      <Filter>Header Files</Filter>
    </ClInclude>
    <ClInclude Include="src\shading\ShaderManager.h">
      <Filter>Header Files</Filter>
    </ClInclude>
    <ClInclude Include="src\textures\SpriteSheet.h">
      <Filter>Header Files</Filter>
    </ClInclude>
    <ClInclude Include="src\textures\Texture.h">
      <Filter>Header Files</Filter>
    </ClInclude>
    <ClInclude Include="src\textures\TextureAtlas.h">
      <Filter>Header Files</Filter>
    </ClInclude>
    <ClInclude Include="src\textures\TextureBase.h">
      <Filter>Header Files</Filter>
    </ClInclude>
    <ClInclude Include="src\utils\color\ColorFormatConverter.h">
      <Filter>Header Files</Filter>
    </ClInclude>
    <ClInclude Include="src\utils\error\FileReadException.h">
      <Filter>Header Files</Filter>
    </ClInclude>
    <ClInclude Include="src\utils\error\ImageLoadingException.h">
      <Filter>Header Files</Filter>
    </ClInclude>
    <ClInclude Include="src\utils\error\ParallaxException.h">
      <Filter>Header Files</Filter>
    </ClInclude>
    <ClInclude Include="src\utils\error\UninitializedResourceUsedException.h">
      <Filter>Header Files</Filter>
    </ClInclude>
    <ClInclude Include="src\utils\log\Log.h">
      <Filter>Header Files</Filter>
    </ClInclude>
    <ClInclude Include="src\utils\SimpleHash.h">
      <Filter>Header Files</Filter>
    </ClInclude>
    <ClInclude Include="src\utils\Singleton.h">
      <Filter>Header Files</Filter>
    </ClInclude>
    <ClInclude Include="src\utils\StringUtils.h">
      <Filter>Header Files</Filter>
    </ClInclude>
    <ClInclude Include="src\window\Window.h">
      <Filter>Header Files</Filter>
    </ClInclude>
    <ClInclude Include="src\ParallaxKeys.h">
      <Filter>Header Files</Filter>
    </ClInclude>
    <ClInclude Include="src\Common.h">
      <Filter>Header Files</Filter>
    </ClInclude>
    <ClInclude Include="src\ext\freetype\ft2build.h">
      <Filter>Header Files</Filter>
    </ClInclude>
    <ClInclude Include="src\ext\ftgl\texture-atlas.h">
      <Filter>Header Files</Filter>
    </ClInclude>
    <ClInclude Include="src\Application\Application.h">
      <Filter>Header Files</Filter>
    </ClInclude>
    <ClInclude Include="src\parallax.h">
      <Filter>Header Files</Filter>
    </ClInclude>
    <ClInclude Include="src\ext\imgui\imconfig.h">
      <Filter>Header Files</Filter>
    </ClInclude>
    <ClInclude Include="src\ext\imgui\imgui.h">
      <Filter>Header Files</Filter>
    </ClInclude>
    <ClInclude Include="src\ext\imgui\imgui_impl_glfw.h">
      <Filter>Header Files</Filter>
    </ClInclude>
    <ClInclude Include="src\ext\imgui\imgui_impl_opengl3.h">
      <Filter>Header Files</Filter>
    </ClInclude>
    <ClInclude Include="src\ext\imgui\imgui_internal.h">
      <Filter>Header Files</Filter>
    </ClInclude>
    <ClInclude Include="src\ext\imgui\imstb_rectpack.h">
      <Filter>Header Files</Filter>
    </ClInclude>
    <ClInclude Include="src\ext\imgui\imstb_textedit.h">
      <Filter>Header Files</Filter>
    </ClInclude>
    <ClInclude Include="src\ext\imgui\imstb_truetype.h">
      <Filter>Header Files</Filter>
    </ClInclude>
    <ClInclude Include="src\utils\imgui_widgets\ImGUIWidget.h">
      <Filter>Header Files</Filter>
    </ClInclude>
    <ClInclude Include="src\utils\imgui_widgets\DefaultDebugWidget.h">
      <Filter>Header Files</Filter>
    </ClInclude>
    <ClInclude Include="src\renderer\light\Light2D.h">
      <Filter>Header Files</Filter>
    </ClInclude>
    <ClInclude Include="src\utils\imgui_widgets\ToggleButton.h">
      <Filter>Header Files</Filter>
    </ClInclude>
    <ClInclude Include="src\utils\imgui_widgets\SliderFloat.h">
      <Filter>Header Files</Filter>
    </ClInclude>
    <ClInclude Include="src\utils\imgui_widgets\SliderInt.h">
      <Filter>Header Files</Filter>
    </ClInclude>
    <ClInclude Include="src\renderer\API\FrameBuffer.h">
      <Filter>Header Files</Filter>
    </ClInclude>
    <ClInclude Include="src\renderer\API\IndexBuffer.h">
      <Filter>Header Files</Filter>
    </ClInclude>
    <ClInclude Include="src\renderer\API\VertexBuffer.h">
      <Filter>Header Files</Filter>
    </ClInclude>
    <ClInclude Include="src\renderer\API\VertexBufferLayout.h">
      <Filter>Header Files</Filter>
    </ClInclude>
    <ClInclude Include="src\renderer\DefferedRenderer2D.h">
      <Filter>Header Files</Filter>
    </ClInclude>
    <ClInclude Include="src\shading\sources\PXDFR_LP_Shader.h">
      <Filter>Header Files</Filter>
    </ClInclude>
    <ClInclude Include="src\shading\sources\PXDFR_GP_Shader.h">
      <Filter>Header Files</Filter>
    </ClInclude>
    <ClInclude Include="src\renderer\API\UniformBuffer.h">
      <Filter>Header Files</Filter>
    </ClInclude>
    <ClInclude Include="src\system\Memory.h">
      <Filter>Header Files</Filter>
    </ClInclude>
    <ClInclude Include="src\system\MemoryManager.h">
      <Filter>Header Files</Filter>
    </ClInclude>
    <ClInclude Include="src\renderer\light\AmbientLight2D.h">
      <Filter>Header Files</Filter>
    </ClInclude>
    <ClInclude Include="src\renderer\DefferedRenderer2D_Properties.h">
      <Filter>Header Files</Filter>
    </ClInclude>
  </ItemGroup>
  <ItemGroup>
    <None Include="src\shading\sources\ParallaxDefaultVertex.shader" />
    <None Include="src\shading\sources\ParallaxDefaultFragment.shader" />
    <None Include="src\scene\components\TransformComponent2D.inl">
      <Filter>Header Files</Filter>
    </None>
    <None Include="src\scene\Node.inl">
      <Filter>Header Files</Filter>
    </None>
    <None Include="src\utils\Singleton.inl">
      <Filter>Header Files</Filter>
    </None>
    <None Include="src\renderer\light\Light2D.inl">
      <Filter>Header Files</Filter>
    </None>
  </ItemGroup>
</Project>